// !$*UTF8*$!
{
	archiveVersion = 1;
	classes = {
	};
	objectVersion = 54;
	objects = {

/* Begin PBXBuildFile section */
		50037513245EA9FA00D3BB0D /* UpdateGroupCellView.swift in Sources */ = {isa = PBXBuildFile; fileRef = 50037512245EA9FA00D3BB0D /* UpdateGroupCellView.swift */; };
		501EA9821EB1BA4400D05821 /* Localizable.strings in Resources */ = {isa = PBXBuildFile; fileRef = 501EA9841EB1BA4400D05821 /* Localizable.strings */; };
		501EA98A1EB1BD8B00D05821 /* Localizable.stringsdict in Resources */ = {isa = PBXBuildFile; fileRef = 501EA98C1EB1BD8B00D05821 /* Localizable.stringsdict */; };
		50290E751E53EB6A00133E3D /* AppDelegate.swift in Sources */ = {isa = PBXBuildFile; fileRef = 50290E741E53EB6A00133E3D /* AppDelegate.swift */; };
		50290E791E53EB6A00133E3D /* Assets.xcassets in Resources */ = {isa = PBXBuildFile; fileRef = 50290E781E53EB6A00133E3D /* Assets.xcassets */; };
		50290E7C1E53EB6A00133E3D /* Main.storyboard in Resources */ = {isa = PBXBuildFile; fileRef = 50290E7A1E53EB6A00133E3D /* Main.storyboard */; };
		502929EF2120621B00F00D1C /* ReleaseNotesTextViewController.swift in Sources */ = {isa = PBXBuildFile; fileRef = 502929EE2120621B00F00D1C /* ReleaseNotesTextViewController.swift */; };
		502929F22120623100F00D1C /* ReleaseNotesErrorViewController.swift in Sources */ = {isa = PBXBuildFile; fileRef = 502929F02120623100F00D1C /* ReleaseNotesErrorViewController.swift */; };
		502929F62120624700F00D1C /* ReleaseNotesLoadingViewController.swift in Sources */ = {isa = PBXBuildFile; fileRef = 502929F42120624700F00D1C /* ReleaseNotesLoadingViewController.swift */; };
		502929FB21206BC800F00D1C /* ReleaseNotesContentProtocol.swift in Sources */ = {isa = PBXBuildFile; fileRef = 502929FA21206BC800F00D1C /* ReleaseNotesContentProtocol.swift */; };
		5039DE8522CA396F0088B39B /* UpdateQueue.swift in Sources */ = {isa = PBXBuildFile; fileRef = 5039DE8422CA396F0088B39B /* UpdateQueue.swift */; };
		5039DE8722CA39C60088B39B /* UpdateOperation.swift in Sources */ = {isa = PBXBuildFile; fileRef = 5039DE8622CA39C60088B39B /* UpdateOperation.swift */; };
		5039DE8B22CA39ED0088B39B /* StatefulOperation.swift in Sources */ = {isa = PBXBuildFile; fileRef = 5039DE8A22CA39ED0088B39B /* StatefulOperation.swift */; };
		5039DE8D22CAA2790088B39B /* MacAppStoreUpdateOperation.swift in Sources */ = {isa = PBXBuildFile; fileRef = 5039DE8C22CAA2790088B39B /* MacAppStoreUpdateOperation.swift */; };
		5048574022C81DD000C52C48 /* CommerceKit.framework in Frameworks */ = {isa = PBXBuildFile; fileRef = 5048573F22C81DCF00C52C48 /* CommerceKit.framework */; };
		5048574222C81DF900C52C48 /* StoreFoundation.framework in Frameworks */ = {isa = PBXBuildFile; fileRef = 5048574122C81DF800C52C48 /* StoreFoundation.framework */; };
		5058BA3A21202BA7003F332B /* IconCache.swift in Sources */ = {isa = PBXBuildFile; fileRef = 5058BA3921202BA7003F332B /* IconCache.swift */; };
		5058E9C327863FC80028F564 /* App.swift in Sources */ = {isa = PBXBuildFile; fileRef = 5058E9C227863FC80028F564 /* App.swift */; };
		506A8F6722EC14CC00C755AF /* LatestError.swift in Sources */ = {isa = PBXBuildFile; fileRef = 506A8F6622EC14CC00C755AF /* LatestError.swift */; };
		506DF77621248F6200D792FC /* AppDataStore.swift in Sources */ = {isa = PBXBuildFile; fileRef = 506DF77521248F6200D792FC /* AppDataStore.swift */; };
		506DF7782125580400D792FC /* UpdateTableView.swift in Sources */ = {isa = PBXBuildFile; fileRef = 506DF7772125580400D792FC /* UpdateTableView.swift */; };
		5073753F278998A300F371D8 /* AppLibrary.swift in Sources */ = {isa = PBXBuildFile; fileRef = 5073753E278998A300F371D8 /* AppLibrary.swift */; };
		507375572789AB0300F371D8 /* AppListSnapshot.swift in Sources */ = {isa = PBXBuildFile; fileRef = 507375562789AB0300F371D8 /* AppListSnapshot.swift */; };
		50737559278B0A7400F371D8 /* AppListSettings.swift in Sources */ = {isa = PBXBuildFile; fileRef = 50737558278B0A7400F371D8 /* AppListSettings.swift */; };
		508323E3257824AA000BBA13 /* DisplayLink.swift in Sources */ = {isa = PBXBuildFile; fileRef = 508323E0257824A9000BBA13 /* DisplayLink.swift */; };
		508323E4257824AA000BBA13 /* UpdateButton.swift in Sources */ = {isa = PBXBuildFile; fileRef = 508323E1257824A9000BBA13 /* UpdateButton.swift */; };
		508323E5257824AA000BBA13 /* UpdateButtonCell.swift in Sources */ = {isa = PBXBuildFile; fileRef = 508323E2257824AA000BBA13 /* UpdateButtonCell.swift */; };
		5087CD2D22F6E06B0013354C /* SparkleUpdateOperation.swift in Sources */ = {isa = PBXBuildFile; fileRef = 5087CD2C22F6E06B0013354C /* SparkleUpdateOperation.swift */; };
		509512141FF362A1003D2D7F /* Version.swift in Sources */ = {isa = PBXBuildFile; fileRef = 509512101FF362A1003D2D7F /* Version.swift */; };
		509512151FF362A1003D2D7F /* Update.swift in Sources */ = {isa = PBXBuildFile; fileRef = 509512111FF362A1003D2D7F /* Update.swift */; };
		509512221FF36301003D2D7F /* Bundle.swift in Sources */ = {isa = PBXBuildFile; fileRef = 5095121F1FF36301003D2D7F /* Bundle.swift */; };
		509512281FF3631D003D2D7F /* UpdateCheckCoordinator.swift in Sources */ = {isa = PBXBuildFile; fileRef = 509512251FF3631D003D2D7F /* UpdateCheckCoordinator.swift */; };
		509512301FF36378003D2D7F /* UpdateCell.swift in Sources */ = {isa = PBXBuildFile; fileRef = 5095122F1FF36378003D2D7F /* UpdateCell.swift */; };
		509512331FF36380003D2D7F /* ReleaseNotesViewController.swift in Sources */ = {isa = PBXBuildFile; fileRef = 509512311FF36380003D2D7F /* ReleaseNotesViewController.swift */; };
		509512341FF36380003D2D7F /* UpdateTableViewController.swift in Sources */ = {isa = PBXBuildFile; fileRef = 509512321FF36380003D2D7F /* UpdateTableViewController.swift */; };
		509512361FF36388003D2D7F /* MainWindowController.swift in Sources */ = {isa = PBXBuildFile; fileRef = 509512351FF36388003D2D7F /* MainWindowController.swift */; };
		509735502798D17E00FFE809 /* Observable.swift in Sources */ = {isa = PBXBuildFile; fileRef = 5097354F2798D17E00FFE809 /* Observable.swift */; };
		509B30EE28DBB17D00DDAA2E /* Sparkle in Frameworks */ = {isa = PBXBuildFile; productRef = 509B30ED28DBB17D00DDAA2E /* Sparkle */; };
		509B5D43257BD66200690AAB /* UnsupportedCheckerOperation.swift in Sources */ = {isa = PBXBuildFile; fileRef = 509B5D42257BD66200690AAB /* UnsupportedCheckerOperation.swift */; };
		50A86BBD27EA6BF4007A5F80 /* Credits.rtf in Resources */ = {isa = PBXBuildFile; fileRef = 50A86BBC27EA6BF4007A5F80 /* Credits.rtf */; };
		50A8D2B327D2B063004DBA05 /* ReleaseNotesProvider.swift in Sources */ = {isa = PBXBuildFile; fileRef = 50A8D2B227D2B063004DBA05 /* ReleaseNotesProvider.swift */; };
		50ACE3F221D58DAD002FB72D /* UpdateTableView+Search.swift in Sources */ = {isa = PBXBuildFile; fileRef = 50ACE3F121D58DAD002FB72D /* UpdateTableView+Search.swift */; };
		50B5A50421246E2500E96AEC /* UpdateGroupRowView.swift in Sources */ = {isa = PBXBuildFile; fileRef = 50B5A50321246E2500E96AEC /* UpdateGroupRowView.swift */; };
		50BC19E328230D41005945E8 /* InfoPlist.strings in Resources */ = {isa = PBXBuildFile; fileRef = 502217992804BB330043366B /* InfoPlist.strings */; };
		50C81D741FBADC9100324C2E /* VersionTest.swift in Sources */ = {isa = PBXBuildFile; fileRef = 50C81D731FBADC9100324C2E /* VersionTest.swift */; };
		50C8C85C208A0EE9004FF5D5 /* dsa_pub.pem in Resources */ = {isa = PBXBuildFile; fileRef = 50C8C85B208A0EE9004FF5D5 /* dsa_pub.pem */; };
		50C9F0F5234637BD00FD1802 /* UpdateCheckerOperation.swift in Sources */ = {isa = PBXBuildFile; fileRef = 50C9F0F4234637BD00FD1802 /* UpdateCheckerOperation.swift */; };
		50C9F10A2346386B00FD1802 /* MacAppStoreCheckerOperation.swift in Sources */ = {isa = PBXBuildFile; fileRef = 50C9F1092346386B00FD1802 /* MacAppStoreCheckerOperation.swift */; };
		50C9F10C234641E000FD1802 /* SparkleCheckerOperation.swift in Sources */ = {isa = PBXBuildFile; fileRef = 50C9F10B234641E000FD1802 /* SparkleCheckerOperation.swift */; };
		50D6EF5F281461A3002D7006 /* Sparkle.swift in Sources */ = {isa = PBXBuildFile; fileRef = 50D6EF5E281461A3002D7006 /* Sparkle.swift */; };
		50DAEF4021047E5100B32E8A /* UpdateTableView+TouchBar.swift in Sources */ = {isa = PBXBuildFile; fileRef = 50DAEF3F21047E5100B32E8A /* UpdateTableView+TouchBar.swift */; };
		50DAEF4421047FA900B32E8A /* UpdateItemView.swift in Sources */ = {isa = PBXBuildFile; fileRef = 50DAEF4321047FA900B32E8A /* UpdateItemView.swift */; };
/* End PBXBuildFile section */

/* Begin PBXContainerItemProxy section */
		50C81D6E1FBADC5900324C2E /* PBXContainerItemProxy */ = {
			isa = PBXContainerItemProxy;
			containerPortal = 50290E691E53EB6A00133E3D /* Project object */;
			proxyType = 1;
			remoteGlobalIDString = 50290E701E53EB6A00133E3D;
			remoteInfo = Latest;
		};
/* End PBXContainerItemProxy section */

/* Begin PBXFileReference section */
		29A88F88296B7DC2000A5EDE /* fa */ = {isa = PBXFileReference; lastKnownFileType = text.plist.strings; name = fa; path = fa.lproj/Main.strings; sourceTree = "<group>"; };
		29A88F89296B7DC2000A5EDE /* fa */ = {isa = PBXFileReference; lastKnownFileType = text.plist.strings; name = fa; path = fa.lproj/InfoPlist.strings; sourceTree = "<group>"; };
		29A88F8A296B7DC2000A5EDE /* fa */ = {isa = PBXFileReference; lastKnownFileType = text.plist.stringsdict; name = fa; path = fa.lproj/Localizable.stringsdict; sourceTree = "<group>"; };
		29A88F8B296B7DC2000A5EDE /* fa */ = {isa = PBXFileReference; lastKnownFileType = text.plist.strings; name = fa; path = fa.lproj/Localizable.strings; sourceTree = "<group>"; };
		50037512245EA9FA00D3BB0D /* UpdateGroupCellView.swift */ = {isa = PBXFileReference; lastKnownFileType = sourcecode.swift; path = UpdateGroupCellView.swift; sourceTree = "<group>"; };
		5009D5D727F4FF9A00CBDBE6 /* en */ = {isa = PBXFileReference; lastKnownFileType = text.plist.strings; name = en; path = en.lproj/Main.strings; sourceTree = "<group>"; };
		500A89272924F91C004008F6 /* nb */ = {isa = PBXFileReference; lastKnownFileType = text.plist.strings; name = nb; path = nb.lproj/Main.strings; sourceTree = "<group>"; };
		500A89282924F91C004008F6 /* nb */ = {isa = PBXFileReference; lastKnownFileType = text.plist.strings; name = nb; path = nb.lproj/InfoPlist.strings; sourceTree = "<group>"; };
		500A89292924F91C004008F6 /* nb */ = {isa = PBXFileReference; lastKnownFileType = text.plist.stringsdict; name = nb; path = nb.lproj/Localizable.stringsdict; sourceTree = "<group>"; };
		500A892A2924F91C004008F6 /* nb */ = {isa = PBXFileReference; lastKnownFileType = text.plist.strings; name = nb; path = nb.lproj/Localizable.strings; sourceTree = "<group>"; };
		500A892B2924FDEF004008F6 /* id */ = {isa = PBXFileReference; lastKnownFileType = text.plist.strings; name = id; path = id.lproj/Main.strings; sourceTree = "<group>"; };
		500A892C2924FE0D004008F6 /* id */ = {isa = PBXFileReference; lastKnownFileType = text.plist.strings; name = id; path = id.lproj/Localizable.strings; sourceTree = "<group>"; };
		500A892D2924FE19004008F6 /* id */ = {isa = PBXFileReference; lastKnownFileType = text.plist.stringsdict; name = id; path = id.lproj/Localizable.stringsdict; sourceTree = "<group>"; };
		500A892E2924FE1F004008F6 /* id */ = {isa = PBXFileReference; lastKnownFileType = text.plist.strings; name = id; path = id.lproj/InfoPlist.strings; sourceTree = "<group>"; };
		500A892F2924FE32004008F6 /* hu */ = {isa = PBXFileReference; lastKnownFileType = text.plist.strings; name = hu; path = hu.lproj/Main.strings; sourceTree = "<group>"; };
		500A89302924FE43004008F6 /* hu */ = {isa = PBXFileReference; lastKnownFileType = text.plist.strings; name = hu; path = hu.lproj/Localizable.strings; sourceTree = "<group>"; };
		500A89312924FE46004008F6 /* hu */ = {isa = PBXFileReference; lastKnownFileType = text.plist.stringsdict; name = hu; path = hu.lproj/Localizable.stringsdict; sourceTree = "<group>"; };
		500A89322924FE4C004008F6 /* hu */ = {isa = PBXFileReference; lastKnownFileType = text.plist.strings; name = hu; path = hu.lproj/InfoPlist.strings; sourceTree = "<group>"; };
		501B5F7B29832166009C6F70 /* sv */ = {isa = PBXFileReference; lastKnownFileType = text.plist.strings; name = sv; path = sv.lproj/Main.strings; sourceTree = "<group>"; };
		501B5F7C2983216D009C6F70 /* cs */ = {isa = PBXFileReference; lastKnownFileType = text.plist.strings; name = cs; path = cs.lproj/Main.strings; sourceTree = "<group>"; };
		501B5F7D2983219B009C6F70 /* cs */ = {isa = PBXFileReference; lastKnownFileType = text.plist.strings; name = cs; path = cs.lproj/InfoPlist.strings; sourceTree = "<group>"; };
		501B5F7E2983219F009C6F70 /* sv */ = {isa = PBXFileReference; lastKnownFileType = text.plist.strings; name = sv; path = sv.lproj/InfoPlist.strings; sourceTree = "<group>"; };
		501B5F7F298321A3009C6F70 /* cs */ = {isa = PBXFileReference; lastKnownFileType = text.plist.stringsdict; name = cs; path = cs.lproj/Localizable.stringsdict; sourceTree = "<group>"; };
		501B5F80298321A6009C6F70 /* sv */ = {isa = PBXFileReference; lastKnownFileType = text.plist.stringsdict; name = sv; path = sv.lproj/Localizable.stringsdict; sourceTree = "<group>"; };
		501B5F81298321AA009C6F70 /* cs */ = {isa = PBXFileReference; lastKnownFileType = text.plist.strings; name = cs; path = cs.lproj/Localizable.strings; sourceTree = "<group>"; };
		501B5F82298321AD009C6F70 /* sv */ = {isa = PBXFileReference; lastKnownFileType = text.plist.strings; name = sv; path = sv.lproj/Localizable.strings; sourceTree = "<group>"; };
		501B5F8329832520009C6F70 /* uk */ = {isa = PBXFileReference; lastKnownFileType = text.plist.strings; name = uk; path = uk.lproj/Main.strings; sourceTree = "<group>"; };
		501B5F8429832537009C6F70 /* uk */ = {isa = PBXFileReference; lastKnownFileType = text.plist.stringsdict; name = uk; path = uk.lproj/Localizable.stringsdict; sourceTree = "<group>"; };
		501B5F852983253B009C6F70 /* uk */ = {isa = PBXFileReference; lastKnownFileType = text.plist.strings; name = uk; path = uk.lproj/InfoPlist.strings; sourceTree = "<group>"; };
		501B5F862983253E009C6F70 /* uk */ = {isa = PBXFileReference; lastKnownFileType = text.plist.strings; name = uk; path = uk.lproj/Localizable.strings; sourceTree = "<group>"; };
		501EA97F1EB1BA4400D05821 /* de */ = {isa = PBXFileReference; lastKnownFileType = text.plist.strings; name = de; path = de.lproj/Main.strings; sourceTree = "<group>"; };
		501EA9831EB1BA4400D05821 /* de */ = {isa = PBXFileReference; lastKnownFileType = text.plist.strings; name = de; path = de.lproj/Localizable.strings; sourceTree = "<group>"; };
		501EA98B1EB1BD8B00D05821 /* de */ = {isa = PBXFileReference; lastKnownFileType = text.plist.stringsdict; name = de; path = de.lproj/Localizable.stringsdict; sourceTree = "<group>"; };
		501EA98D1EB1BD9400D05821 /* en */ = {isa = PBXFileReference; lastKnownFileType = text.plist.stringsdict; name = en; path = en.lproj/Localizable.stringsdict; sourceTree = "<group>"; };
		502217602804B9830043366B /* hr */ = {isa = PBXFileReference; lastKnownFileType = text.plist.strings; name = hr; path = hr.lproj/Main.strings; sourceTree = "<group>"; };
		502217762804B9950043366B /* hr */ = {isa = PBXFileReference; lastKnownFileType = text.plist.stringsdict; name = hr; path = hr.lproj/Localizable.stringsdict; sourceTree = "<group>"; };
		502217772804B9990043366B /* hr */ = {isa = PBXFileReference; lastKnownFileType = text.plist.strings; name = hr; path = hr.lproj/Localizable.strings; sourceTree = "<group>"; };
		5022179A2804BB330043366B /* en */ = {isa = PBXFileReference; lastKnownFileType = text.plist.strings; name = en; path = en.lproj/InfoPlist.strings; sourceTree = "<group>"; };
		502217B12804BB390043366B /* hr */ = {isa = PBXFileReference; lastKnownFileType = text.plist.strings; name = hr; path = hr.lproj/InfoPlist.strings; sourceTree = "<group>"; };
		502217B22804BB3C0043366B /* fr */ = {isa = PBXFileReference; lastKnownFileType = text.plist.strings; name = fr; path = fr.lproj/InfoPlist.strings; sourceTree = "<group>"; };
		502217B32804BB3E0043366B /* de */ = {isa = PBXFileReference; lastKnownFileType = text.plist.strings; name = de; path = de.lproj/InfoPlist.strings; sourceTree = "<group>"; };
		502217B42804BB400043366B /* ko */ = {isa = PBXFileReference; lastKnownFileType = text.plist.strings; name = ko; path = ko.lproj/InfoPlist.strings; sourceTree = "<group>"; };
		502572D5287CA61100E5ECAF /* pt-PT */ = {isa = PBXFileReference; lastKnownFileType = text.plist.strings; name = "pt-PT"; path = "pt-PT.lproj/Main.strings"; sourceTree = "<group>"; };
		502572EC287CA64900E5ECAF /* pt-PT */ = {isa = PBXFileReference; lastKnownFileType = text.plist.strings; name = "pt-PT"; path = "pt-PT.lproj/InfoPlist.strings"; sourceTree = "<group>"; };
		502572ED287CA65300E5ECAF /* pt-PT */ = {isa = PBXFileReference; lastKnownFileType = text.plist.strings; name = "pt-PT"; path = "pt-PT.lproj/Localizable.strings"; sourceTree = "<group>"; };
		502572F0287CA69700E5ECAF /* pt-PT */ = {isa = PBXFileReference; lastKnownFileType = text.plist.stringsdict; name = "pt-PT"; path = "pt-PT.lproj/Localizable.stringsdict"; sourceTree = "<group>"; };
		50290E711E53EB6A00133E3D /* Latest.app */ = {isa = PBXFileReference; explicitFileType = wrapper.application; includeInIndex = 0; path = Latest.app; sourceTree = BUILT_PRODUCTS_DIR; };
		50290E741E53EB6A00133E3D /* AppDelegate.swift */ = {isa = PBXFileReference; lastKnownFileType = sourcecode.swift; path = AppDelegate.swift; sourceTree = "<group>"; };
		50290E781E53EB6A00133E3D /* Assets.xcassets */ = {isa = PBXFileReference; lastKnownFileType = folder.assetcatalog; path = Assets.xcassets; sourceTree = "<group>"; };
		50290E7B1E53EB6A00133E3D /* Base */ = {isa = PBXFileReference; lastKnownFileType = file.storyboard; name = Base; path = Base.lproj/Main.storyboard; sourceTree = "<group>"; };
		50290E7D1E53EB6A00133E3D /* Info.plist */ = {isa = PBXFileReference; lastKnownFileType = text.plist.xml; path = Info.plist; sourceTree = "<group>"; };
		50290E831E53EB7900133E3D /* Latest.entitlements */ = {isa = PBXFileReference; lastKnownFileType = text.plist.entitlements; path = Latest.entitlements; sourceTree = "<group>"; };
		502929EE2120621B00F00D1C /* ReleaseNotesTextViewController.swift */ = {isa = PBXFileReference; lastKnownFileType = sourcecode.swift; path = ReleaseNotesTextViewController.swift; sourceTree = "<group>"; };
		502929F02120623100F00D1C /* ReleaseNotesErrorViewController.swift */ = {isa = PBXFileReference; lastKnownFileType = sourcecode.swift; path = ReleaseNotesErrorViewController.swift; sourceTree = "<group>"; };
		502929F42120624700F00D1C /* ReleaseNotesLoadingViewController.swift */ = {isa = PBXFileReference; lastKnownFileType = sourcecode.swift; path = ReleaseNotesLoadingViewController.swift; sourceTree = "<group>"; };
		502929FA21206BC800F00D1C /* ReleaseNotesContentProtocol.swift */ = {isa = PBXFileReference; lastKnownFileType = sourcecode.swift; path = ReleaseNotesContentProtocol.swift; sourceTree = "<group>"; };
		502F70BF29AB4D0700B30692 /* fil */ = {isa = PBXFileReference; lastKnownFileType = text.plist.strings; name = fil; path = fil.lproj/Main.strings; sourceTree = "<group>"; };
		502F70C429AB4DEF00B30692 /* fil */ = {isa = PBXFileReference; lastKnownFileType = text.plist.strings; name = fil; path = fil.lproj/InfoPlist.strings; sourceTree = "<group>"; };
		502F70C529AB4DF300B30692 /* fil */ = {isa = PBXFileReference; lastKnownFileType = text.plist.stringsdict; name = fil; path = fil.lproj/Localizable.stringsdict; sourceTree = "<group>"; };
		502F70C629AB4DF700B30692 /* fil */ = {isa = PBXFileReference; lastKnownFileType = text.plist.strings; name = fil; path = fil.lproj/Localizable.strings; sourceTree = "<group>"; };
		50303BFC28BA06450020C46F /* nl */ = {isa = PBXFileReference; lastKnownFileType = text.plist.strings; name = nl; path = nl.lproj/Main.strings; sourceTree = "<group>"; };
		50303BFD28BA06520020C46F /* nl */ = {isa = PBXFileReference; lastKnownFileType = text.plist.strings; name = nl; path = nl.lproj/InfoPlist.strings; sourceTree = "<group>"; };
		50303BFE28BA06560020C46F /* nl */ = {isa = PBXFileReference; lastKnownFileType = text.plist.stringsdict; name = nl; path = nl.lproj/Localizable.stringsdict; sourceTree = "<group>"; };
		50303BFF28BA06590020C46F /* nl */ = {isa = PBXFileReference; lastKnownFileType = text.plist.strings; name = nl; path = nl.lproj/Localizable.strings; sourceTree = "<group>"; };
		50368BD22800C725005D1CF2 /* ko */ = {isa = PBXFileReference; lastKnownFileType = text.plist.strings; name = ko; path = ko.lproj/Main.strings; sourceTree = "<group>"; };
		50368BE82800C76A005D1CF2 /* ko */ = {isa = PBXFileReference; lastKnownFileType = text.plist.stringsdict; name = ko; path = ko.lproj/Localizable.stringsdict; sourceTree = "<group>"; };
		50368BE92800C775005D1CF2 /* ko */ = {isa = PBXFileReference; lastKnownFileType = text.plist.strings; name = ko; path = ko.lproj/Localizable.strings; sourceTree = "<group>"; };
		5039DE8422CA396F0088B39B /* UpdateQueue.swift */ = {isa = PBXFileReference; lastKnownFileType = sourcecode.swift; path = UpdateQueue.swift; sourceTree = "<group>"; };
		5039DE8622CA39C60088B39B /* UpdateOperation.swift */ = {isa = PBXFileReference; lastKnownFileType = sourcecode.swift; path = UpdateOperation.swift; sourceTree = "<group>"; };
		5039DE8A22CA39ED0088B39B /* StatefulOperation.swift */ = {isa = PBXFileReference; fileEncoding = 4; lastKnownFileType = sourcecode.swift; path = StatefulOperation.swift; sourceTree = "<group>"; };
		5039DE8C22CAA2790088B39B /* MacAppStoreUpdateOperation.swift */ = {isa = PBXFileReference; lastKnownFileType = sourcecode.swift; path = MacAppStoreUpdateOperation.swift; sourceTree = "<group>"; };
		5048573F22C81DCF00C52C48 /* CommerceKit.framework */ = {isa = PBXFileReference; lastKnownFileType = wrapper.framework; name = CommerceKit.framework; path = ../../../../../../System/Library/PrivateFrameworks/CommerceKit.framework; sourceTree = "<group>"; };
		5048574122C81DF800C52C48 /* StoreFoundation.framework */ = {isa = PBXFileReference; lastKnownFileType = wrapper.framework; name = StoreFoundation.framework; path = ../../../../../../System/Library/PrivateFrameworks/StoreFoundation.framework; sourceTree = "<group>"; };
		5053E6C82A98AB4B008B18D0 /* ar */ = {isa = PBXFileReference; lastKnownFileType = text.plist.strings; name = ar; path = ar.lproj/Main.strings; sourceTree = "<group>"; };
		5053E6C92A98AB86008B18D0 /* be */ = {isa = PBXFileReference; lastKnownFileType = text.plist.strings; name = be; path = be.lproj/Main.strings; sourceTree = "<group>"; };
		5053E6CA2A98AB96008B18D0 /* zh-Hant */ = {isa = PBXFileReference; lastKnownFileType = text.plist.strings; name = "zh-Hant"; path = "zh-Hant.lproj/Main.strings"; sourceTree = "<group>"; };
		5053E6CC2A98ABE9008B18D0 /* pl */ = {isa = PBXFileReference; lastKnownFileType = text.plist.strings; name = pl; path = pl.lproj/Main.strings; sourceTree = "<group>"; };
		5053E6CD2A98ABF3008B18D0 /* pt-BR */ = {isa = PBXFileReference; lastKnownFileType = text.plist.strings; name = "pt-BR"; path = "pt-BR.lproj/Main.strings"; sourceTree = "<group>"; };
		5053E6CF2A98ACD1008B18D0 /* ar */ = {isa = PBXFileReference; lastKnownFileType = text.plist.strings; name = ar; path = ar.lproj/InfoPlist.strings; sourceTree = "<group>"; };
		5053E6D02A98ACD3008B18D0 /* be */ = {isa = PBXFileReference; lastKnownFileType = text.plist.strings; name = be; path = be.lproj/InfoPlist.strings; sourceTree = "<group>"; };
		5053E6D12A98ACD4008B18D0 /* zh-Hant */ = {isa = PBXFileReference; lastKnownFileType = text.plist.strings; name = "zh-Hant"; path = "zh-Hant.lproj/InfoPlist.strings"; sourceTree = "<group>"; };
		5053E6D22A98ACD6008B18D0 /* pl */ = {isa = PBXFileReference; lastKnownFileType = text.plist.strings; name = pl; path = pl.lproj/InfoPlist.strings; sourceTree = "<group>"; };
		5053E6D32A98ACD7008B18D0 /* pt-BR */ = {isa = PBXFileReference; lastKnownFileType = text.plist.strings; name = "pt-BR"; path = "pt-BR.lproj/InfoPlist.strings"; sourceTree = "<group>"; };
		5053E6D42A98ACDC008B18D0 /* ar */ = {isa = PBXFileReference; lastKnownFileType = text.plist.stringsdict; name = ar; path = ar.lproj/Localizable.stringsdict; sourceTree = "<group>"; };
		5053E6D52A98ACDE008B18D0 /* be */ = {isa = PBXFileReference; lastKnownFileType = text.plist.stringsdict; name = be; path = be.lproj/Localizable.stringsdict; sourceTree = "<group>"; };
		5053E6D62A98ACE0008B18D0 /* pl */ = {isa = PBXFileReference; lastKnownFileType = text.plist.stringsdict; name = pl; path = pl.lproj/Localizable.stringsdict; sourceTree = "<group>"; };
		5053E6D72A98ACEF008B18D0 /* ar */ = {isa = PBXFileReference; lastKnownFileType = text.plist.strings; name = ar; path = ar.lproj/Localizable.strings; sourceTree = "<group>"; };
		5053E6D82A98ACF3008B18D0 /* be */ = {isa = PBXFileReference; lastKnownFileType = text.plist.strings; name = be; path = be.lproj/Localizable.strings; sourceTree = "<group>"; };
		5053E6D92A98ACF5008B18D0 /* zh-Hant */ = {isa = PBXFileReference; lastKnownFileType = text.plist.strings; name = "zh-Hant"; path = "zh-Hant.lproj/Localizable.strings"; sourceTree = "<group>"; };
		5053E6DA2A98AD2D008B18D0 /* pl */ = {isa = PBXFileReference; lastKnownFileType = text.plist.strings; name = pl; path = pl.lproj/Localizable.strings; sourceTree = "<group>"; };
		5053E6DB2A98AD2E008B18D0 /* pt-BR */ = {isa = PBXFileReference; lastKnownFileType = text.plist.strings; name = "pt-BR"; path = "pt-BR.lproj/Localizable.strings"; sourceTree = "<group>"; };
		5053E6DD2A98AEA8008B18D0 /* pt-BR */ = {isa = PBXFileReference; lastKnownFileType = text.plist.stringsdict; name = "pt-BR"; path = "pt-BR.lproj/Localizable.stringsdict"; sourceTree = "<group>"; };
		5053E6DE2A98AF20008B18D0 /* zh-Hant */ = {isa = PBXFileReference; lastKnownFileType = text.plist.stringsdict; name = "zh-Hant"; path = "zh-Hant.lproj/Localizable.stringsdict"; sourceTree = "<group>"; };
		5058BA3921202BA7003F332B /* IconCache.swift */ = {isa = PBXFileReference; lastKnownFileType = sourcecode.swift; path = IconCache.swift; sourceTree = "<group>"; };
		5058E9C227863FC80028F564 /* App.swift */ = {isa = PBXFileReference; lastKnownFileType = sourcecode.swift; path = App.swift; sourceTree = "<group>"; };
		506A8F6622EC14CC00C755AF /* LatestError.swift */ = {isa = PBXFileReference; lastKnownFileType = sourcecode.swift; path = LatestError.swift; sourceTree = "<group>"; };
		506DF77521248F6200D792FC /* AppDataStore.swift */ = {isa = PBXFileReference; lastKnownFileType = sourcecode.swift; path = AppDataStore.swift; sourceTree = "<group>"; };
		506DF7772125580400D792FC /* UpdateTableView.swift */ = {isa = PBXFileReference; lastKnownFileType = sourcecode.swift; path = UpdateTableView.swift; sourceTree = "<group>"; };
		5073753E278998A300F371D8 /* AppLibrary.swift */ = {isa = PBXFileReference; lastKnownFileType = sourcecode.swift; path = AppLibrary.swift; sourceTree = "<group>"; };
		507375562789AB0300F371D8 /* AppListSnapshot.swift */ = {isa = PBXFileReference; lastKnownFileType = sourcecode.swift; path = AppListSnapshot.swift; sourceTree = "<group>"; };
		50737558278B0A7400F371D8 /* AppListSettings.swift */ = {isa = PBXFileReference; lastKnownFileType = sourcecode.swift; path = AppListSettings.swift; sourceTree = "<group>"; };
		507AEEEF284E0F0900A5CCBC /* ru */ = {isa = PBXFileReference; lastKnownFileType = text.plist.strings; name = ru; path = ru.lproj/Main.strings; sourceTree = "<group>"; };
		507AEF05284E0F1500A5CCBC /* ru */ = {isa = PBXFileReference; lastKnownFileType = text.plist.strings; name = ru; path = ru.lproj/InfoPlist.strings; sourceTree = "<group>"; };
		507AEF06284E0F1800A5CCBC /* ru */ = {isa = PBXFileReference; lastKnownFileType = text.plist.stringsdict; name = ru; path = ru.lproj/Localizable.stringsdict; sourceTree = "<group>"; };
		507AEF07284E0F1D00A5CCBC /* ru */ = {isa = PBXFileReference; lastKnownFileType = text.plist.strings; name = ru; path = ru.lproj/Localizable.strings; sourceTree = "<group>"; };
		508323E0257824A9000BBA13 /* DisplayLink.swift */ = {isa = PBXFileReference; fileEncoding = 4; lastKnownFileType = sourcecode.swift; path = DisplayLink.swift; sourceTree = "<group>"; };
		508323E1257824A9000BBA13 /* UpdateButton.swift */ = {isa = PBXFileReference; fileEncoding = 4; lastKnownFileType = sourcecode.swift; path = UpdateButton.swift; sourceTree = "<group>"; };
		508323E2257824AA000BBA13 /* UpdateButtonCell.swift */ = {isa = PBXFileReference; fileEncoding = 4; lastKnownFileType = sourcecode.swift; path = UpdateButtonCell.swift; sourceTree = "<group>"; };
		5087CD2C22F6E06B0013354C /* SparkleUpdateOperation.swift */ = {isa = PBXFileReference; lastKnownFileType = sourcecode.swift; path = SparkleUpdateOperation.swift; sourceTree = "<group>"; };
		5094821C27C19E4A00EC6B6B /* CFBundle_Private.h */ = {isa = PBXFileReference; lastKnownFileType = sourcecode.c.h; path = CFBundle_Private.h; sourceTree = "<group>"; };
		5094823327C19F5800EC6B6B /* Latest Bridging_Header.h */ = {isa = PBXFileReference; lastKnownFileType = sourcecode.c.h; path = "Latest Bridging_Header.h"; sourceTree = "<group>"; };
		509512101FF362A1003D2D7F /* Version.swift */ = {isa = PBXFileReference; fileEncoding = 4; lastKnownFileType = sourcecode.swift; path = Version.swift; sourceTree = "<group>"; };
		509512111FF362A1003D2D7F /* Update.swift */ = {isa = PBXFileReference; fileEncoding = 4; lastKnownFileType = sourcecode.swift; path = Update.swift; sourceTree = "<group>"; };
		5095121F1FF36301003D2D7F /* Bundle.swift */ = {isa = PBXFileReference; fileEncoding = 4; lastKnownFileType = sourcecode.swift; path = Bundle.swift; sourceTree = "<group>"; };
		509512251FF3631D003D2D7F /* UpdateCheckCoordinator.swift */ = {isa = PBXFileReference; fileEncoding = 4; lastKnownFileType = sourcecode.swift; name = UpdateCheckCoordinator.swift; path = Latest/Model/UpdateCheckCoordinator.swift; sourceTree = SOURCE_ROOT; };
		5095122F1FF36378003D2D7F /* UpdateCell.swift */ = {isa = PBXFileReference; fileEncoding = 4; lastKnownFileType = sourcecode.swift; path = UpdateCell.swift; sourceTree = "<group>"; };
		509512311FF36380003D2D7F /* ReleaseNotesViewController.swift */ = {isa = PBXFileReference; fileEncoding = 4; lastKnownFileType = sourcecode.swift; path = ReleaseNotesViewController.swift; sourceTree = "<group>"; };
		509512321FF36380003D2D7F /* UpdateTableViewController.swift */ = {isa = PBXFileReference; fileEncoding = 4; lastKnownFileType = sourcecode.swift; path = UpdateTableViewController.swift; sourceTree = "<group>"; };
		509512351FF36388003D2D7F /* MainWindowController.swift */ = {isa = PBXFileReference; fileEncoding = 4; lastKnownFileType = sourcecode.swift; path = MainWindowController.swift; sourceTree = "<group>"; };
		5097354F2798D17E00FFE809 /* Observable.swift */ = {isa = PBXFileReference; lastKnownFileType = sourcecode.swift; path = Observable.swift; sourceTree = "<group>"; };
		5097CD5628A82A3B00D66B4C /* ca */ = {isa = PBXFileReference; lastKnownFileType = text.plist.strings; name = ca; path = ca.lproj/Main.strings; sourceTree = "<group>"; };
		5097CD6C28A82A5500D66B4C /* es */ = {isa = PBXFileReference; lastKnownFileType = text.plist.strings; name = es; path = es.lproj/Main.strings; sourceTree = "<group>"; };
		5097CD6D28A82A5D00D66B4C /* es */ = {isa = PBXFileReference; lastKnownFileType = text.plist.strings; name = es; path = es.lproj/Localizable.strings; sourceTree = "<group>"; };
		5097CD6E28A82A5F00D66B4C /* ca */ = {isa = PBXFileReference; lastKnownFileType = text.plist.strings; name = ca; path = ca.lproj/Localizable.strings; sourceTree = "<group>"; };
		5097CD6F28A82A6300D66B4C /* ca */ = {isa = PBXFileReference; lastKnownFileType = text.plist.stringsdict; name = ca; path = ca.lproj/Localizable.stringsdict; sourceTree = "<group>"; };
		5097CD7028A82A6500D66B4C /* es */ = {isa = PBXFileReference; lastKnownFileType = text.plist.stringsdict; name = es; path = es.lproj/Localizable.stringsdict; sourceTree = "<group>"; };
		5097CD7128A82A6800D66B4C /* ca */ = {isa = PBXFileReference; lastKnownFileType = text.plist.strings; name = ca; path = ca.lproj/InfoPlist.strings; sourceTree = "<group>"; };
		5097CD7228A82A6A00D66B4C /* es */ = {isa = PBXFileReference; lastKnownFileType = text.plist.strings; name = es; path = es.lproj/InfoPlist.strings; sourceTree = "<group>"; };
		509B5D42257BD66200690AAB /* UnsupportedCheckerOperation.swift */ = {isa = PBXFileReference; lastKnownFileType = sourcecode.swift; path = UnsupportedCheckerOperation.swift; sourceTree = "<group>"; };
		50A86BBC27EA6BF4007A5F80 /* Credits.rtf */ = {isa = PBXFileReference; lastKnownFileType = text.rtf; path = Credits.rtf; sourceTree = "<group>"; };
		50A8D2B227D2B063004DBA05 /* ReleaseNotesProvider.swift */ = {isa = PBXFileReference; lastKnownFileType = sourcecode.swift; path = ReleaseNotesProvider.swift; sourceTree = "<group>"; };
		50ACE3F121D58DAD002FB72D /* UpdateTableView+Search.swift */ = {isa = PBXFileReference; lastKnownFileType = sourcecode.swift; path = "UpdateTableView+Search.swift"; sourceTree = "<group>"; };
		50B5A50321246E2500E96AEC /* UpdateGroupRowView.swift */ = {isa = PBXFileReference; lastKnownFileType = sourcecode.swift; path = UpdateGroupRowView.swift; sourceTree = "<group>"; };
		50BC19DA28230BA8005945E8 /* it */ = {isa = PBXFileReference; lastKnownFileType = text.plist.strings; name = it; path = it.lproj/Main.strings; sourceTree = "<group>"; };
		50BC19DB28230BBC005945E8 /* sk */ = {isa = PBXFileReference; lastKnownFileType = text.plist.strings; name = sk; path = sk.lproj/Main.strings; sourceTree = "<group>"; };
		50BC19DC28230BCA005945E8 /* it */ = {isa = PBXFileReference; lastKnownFileType = text.plist.strings; name = it; path = it.lproj/InfoPlist.strings; sourceTree = "<group>"; };
		50BC19DD28230BCC005945E8 /* sk */ = {isa = PBXFileReference; lastKnownFileType = text.plist.strings; name = sk; path = sk.lproj/InfoPlist.strings; sourceTree = "<group>"; };
		50BC19DE28230BDB005945E8 /* it */ = {isa = PBXFileReference; lastKnownFileType = text.plist.stringsdict; name = it; path = it.lproj/Localizable.stringsdict; sourceTree = "<group>"; };
		50BC19DF28230BDD005945E8 /* sk */ = {isa = PBXFileReference; lastKnownFileType = text.plist.stringsdict; name = sk; path = sk.lproj/Localizable.stringsdict; sourceTree = "<group>"; };
		50BC19E028230BE3005945E8 /* it */ = {isa = PBXFileReference; lastKnownFileType = text.plist.strings; name = it; path = it.lproj/Localizable.strings; sourceTree = "<group>"; };
		50BC19E128230BE5005945E8 /* sk */ = {isa = PBXFileReference; lastKnownFileType = text.plist.strings; name = sk; path = sk.lproj/Localizable.strings; sourceTree = "<group>"; };
		50C0B55126F545E300EEE4B7 /* en */ = {isa = PBXFileReference; lastKnownFileType = text.plist.strings; name = en; path = en.lproj/Localizable.strings; sourceTree = "<group>"; };
		50C3636F287A22E4003965E1 /* pt */ = {isa = PBXFileReference; lastKnownFileType = text.plist.strings; name = pt; path = pt.lproj/Main.strings; sourceTree = "<group>"; };
		50C36370287A22E4003965E1 /* pt */ = {isa = PBXFileReference; lastKnownFileType = text.plist.strings; name = pt; path = pt.lproj/InfoPlist.strings; sourceTree = "<group>"; };
		50C36371287A22E4003965E1 /* pt */ = {isa = PBXFileReference; lastKnownFileType = text.plist.stringsdict; name = pt; path = pt.lproj/Localizable.stringsdict; sourceTree = "<group>"; };
		50C36372287A22E5003965E1 /* pt */ = {isa = PBXFileReference; lastKnownFileType = text.plist.strings; name = pt; path = pt.lproj/Localizable.strings; sourceTree = "<group>"; };
		50C81D691FBADC5900324C2E /* Latest Tests.xctest */ = {isa = PBXFileReference; explicitFileType = wrapper.cfbundle; includeInIndex = 0; path = "Latest Tests.xctest"; sourceTree = BUILT_PRODUCTS_DIR; };
		50C81D6D1FBADC5900324C2E /* Info.plist */ = {isa = PBXFileReference; lastKnownFileType = text.plist.xml; path = Info.plist; sourceTree = "<group>"; };
		50C81D731FBADC9100324C2E /* VersionTest.swift */ = {isa = PBXFileReference; lastKnownFileType = sourcecode.swift; path = VersionTest.swift; sourceTree = "<group>"; };
		50C8C85B208A0EE9004FF5D5 /* dsa_pub.pem */ = {isa = PBXFileReference; fileEncoding = 4; lastKnownFileType = text; path = dsa_pub.pem; sourceTree = "<group>"; };
		50C9F0F4234637BD00FD1802 /* UpdateCheckerOperation.swift */ = {isa = PBXFileReference; lastKnownFileType = sourcecode.swift; path = UpdateCheckerOperation.swift; sourceTree = "<group>"; };
		50C9F1092346386B00FD1802 /* MacAppStoreCheckerOperation.swift */ = {isa = PBXFileReference; lastKnownFileType = sourcecode.swift; path = MacAppStoreCheckerOperation.swift; sourceTree = "<group>"; };
		50C9F10B234641E000FD1802 /* SparkleCheckerOperation.swift */ = {isa = PBXFileReference; lastKnownFileType = sourcecode.swift; path = SparkleCheckerOperation.swift; sourceTree = "<group>"; };
		50D6695A28DBA9F800FD3F6A /* zh-Hans */ = {isa = PBXFileReference; lastKnownFileType = text.plist.strings; name = "zh-Hans"; path = "zh-Hans.lproj/Main.strings"; sourceTree = "<group>"; };
		50D6697128DBAA2F00FD3F6A /* zh-Hans */ = {isa = PBXFileReference; lastKnownFileType = text.plist.strings; name = "zh-Hans"; path = "zh-Hans.lproj/Localizable.strings"; sourceTree = "<group>"; };
		50D6697228DBAA3A00FD3F6A /* zh-Hans */ = {isa = PBXFileReference; lastKnownFileType = text.plist.stringsdict; name = "zh-Hans"; path = "zh-Hans.lproj/Localizable.stringsdict"; sourceTree = "<group>"; };
		50D6697328DBAA4200FD3F6A /* zh-Hans */ = {isa = PBXFileReference; lastKnownFileType = text.plist.strings; name = "zh-Hans"; path = "zh-Hans.lproj/InfoPlist.strings"; sourceTree = "<group>"; };
		50D6697428DBAC4B00FD3F6A /* el */ = {isa = PBXFileReference; lastKnownFileType = text.plist.strings; name = el; path = el.lproj/Main.strings; sourceTree = "<group>"; };
		50D6697528DBAC6B00FD3F6A /* el */ = {isa = PBXFileReference; lastKnownFileType = text.plist.strings; name = el; path = el.lproj/InfoPlist.strings; sourceTree = "<group>"; };
		50D6697628DBAC6E00FD3F6A /* el */ = {isa = PBXFileReference; lastKnownFileType = text.plist.stringsdict; name = el; path = el.lproj/Localizable.stringsdict; sourceTree = "<group>"; };
		50D6697728DBAC7200FD3F6A /* el */ = {isa = PBXFileReference; lastKnownFileType = text.plist.strings; name = el; path = el.lproj/Localizable.strings; sourceTree = "<group>"; };
		50D6EF5E281461A3002D7006 /* Sparkle.swift */ = {isa = PBXFileReference; lastKnownFileType = sourcecode.swift; path = Sparkle.swift; sourceTree = "<group>"; };
		50DAEF3F21047E5100B32E8A /* UpdateTableView+TouchBar.swift */ = {isa = PBXFileReference; lastKnownFileType = sourcecode.swift; path = "UpdateTableView+TouchBar.swift"; sourceTree = "<group>"; };
		50DAEF4321047FA900B32E8A /* UpdateItemView.swift */ = {isa = PBXFileReference; lastKnownFileType = sourcecode.swift; path = UpdateItemView.swift; sourceTree = "<group>"; };
		50E65CDD247A84BC00DFEB47 /* fr */ = {isa = PBXFileReference; lastKnownFileType = text.plist.strings; name = fr; path = fr.lproj/Main.strings; sourceTree = "<group>"; };
		50E65CDE247A84E700DFEB47 /* fr */ = {isa = PBXFileReference; lastKnownFileType = text.plist.stringsdict; name = fr; path = fr.lproj/Localizable.stringsdict; sourceTree = "<group>"; };
		50E65CE0247A84F300DFEB47 /* fr */ = {isa = PBXFileReference; lastKnownFileType = text.plist.strings; name = fr; path = fr.lproj/Localizable.strings; sourceTree = "<group>"; };
		50E7ED2C2861183A006EF45F /* ms */ = {isa = PBXFileReference; lastKnownFileType = text.plist.strings; name = ms; path = ms.lproj/Main.strings; sourceTree = "<group>"; };
		50E7ED4228611864006EF45F /* ms */ = {isa = PBXFileReference; lastKnownFileType = text.plist.strings; name = ms; path = ms.lproj/InfoPlist.strings; sourceTree = "<group>"; };
		50E7ED4328611869006EF45F /* ms */ = {isa = PBXFileReference; lastKnownFileType = text.plist.stringsdict; name = ms; path = ms.lproj/Localizable.stringsdict; sourceTree = "<group>"; };
		50E7ED442861186D006EF45F /* ms */ = {isa = PBXFileReference; lastKnownFileType = text.plist.strings; name = ms; path = ms.lproj/Localizable.strings; sourceTree = "<group>"; };
		50F542E022D9C41C004B3F8D /* CKDownloadQueueObserver.h */ = {isa = PBXFileReference; fileEncoding = 4; lastKnownFileType = sourcecode.c.h; path = CKDownloadQueueObserver.h; sourceTree = "<group>"; };
		50F542E122D9C41C004B3F8D /* CKDownloadDirectory.h */ = {isa = PBXFileReference; fileEncoding = 4; lastKnownFileType = sourcecode.c.h; path = CKDownloadDirectory.h; sourceTree = "<group>"; };
		50F542E222D9C41C004B3F8D /* CKSoftwareMap.h */ = {isa = PBXFileReference; fileEncoding = 4; lastKnownFileType = sourcecode.c.h; path = CKSoftwareMap.h; sourceTree = "<group>"; };
		50F542E322D9C41C004B3F8D /* CKPurchaseController.h */ = {isa = PBXFileReference; fileEncoding = 4; lastKnownFileType = sourcecode.c.h; path = CKPurchaseController.h; sourceTree = "<group>"; };
		50F542E422D9C41C004B3F8D /* CKAccountStore.h */ = {isa = PBXFileReference; fileEncoding = 4; lastKnownFileType = sourcecode.c.h; path = CKAccountStore.h; sourceTree = "<group>"; };
		50F542E622D9C41C004B3F8D /* module.modulemap */ = {isa = PBXFileReference; fileEncoding = 4; lastKnownFileType = "sourcecode.module-map"; path = module.modulemap; sourceTree = "<group>"; };
		50F542E722D9C41C004B3F8D /* CKServiceInterface.h */ = {isa = PBXFileReference; fileEncoding = 4; lastKnownFileType = sourcecode.c.h; path = CKServiceInterface.h; sourceTree = "<group>"; };
		50F542E922D9C41C004B3F8D /* CKDownloadQueue.h */ = {isa = PBXFileReference; fileEncoding = 4; lastKnownFileType = sourcecode.c.h; path = CKDownloadQueue.h; sourceTree = "<group>"; };
		50F542EB22D9C41D004B3F8D /* SSPurchaseResponse.h */ = {isa = PBXFileReference; fileEncoding = 4; lastKnownFileType = sourcecode.c.h; path = SSPurchaseResponse.h; sourceTree = "<group>"; };
		50F542ED22D9C41D004B3F8D /* ISAuthenticationResponse.h */ = {isa = PBXFileReference; fileEncoding = 4; lastKnownFileType = sourcecode.c.h; path = ISAuthenticationResponse.h; sourceTree = "<group>"; };
		50F542EE22D9C41D004B3F8D /* CKUpdate.h */ = {isa = PBXFileReference; fileEncoding = 4; lastKnownFileType = sourcecode.c.h; path = CKUpdate.h; sourceTree = "<group>"; };
		50F542EF22D9C41D004B3F8D /* CKSoftwareProduct.h */ = {isa = PBXFileReference; fileEncoding = 4; lastKnownFileType = sourcecode.c.h; path = CKSoftwareProduct.h; sourceTree = "<group>"; };
		50F542F022D9C41D004B3F8D /* SSDownloadPhase.h */ = {isa = PBXFileReference; fileEncoding = 4; lastKnownFileType = sourcecode.c.h; path = SSDownloadPhase.h; sourceTree = "<group>"; };
		50F542F122D9C41D004B3F8D /* SSDownloadStatus.h */ = {isa = PBXFileReference; fileEncoding = 4; lastKnownFileType = sourcecode.c.h; path = SSDownloadStatus.h; sourceTree = "<group>"; };
		50F542F222D9C41D004B3F8D /* ISServiceRemoteObject.h */ = {isa = PBXFileReference; fileEncoding = 4; lastKnownFileType = sourcecode.c.h; path = ISServiceRemoteObject.h; sourceTree = "<group>"; };
		50F542F322D9C41D004B3F8D /* SSDownloadMetadata.h */ = {isa = PBXFileReference; fileEncoding = 4; lastKnownFileType = sourcecode.c.h; path = SSDownloadMetadata.h; sourceTree = "<group>"; };
		50F542F422D9C41D004B3F8D /* ISStoreAccount.h */ = {isa = PBXFileReference; fileEncoding = 4; lastKnownFileType = sourcecode.c.h; path = ISStoreAccount.h; sourceTree = "<group>"; };
		50F542F522D9C41D004B3F8D /* SSDownload.h */ = {isa = PBXFileReference; fileEncoding = 4; lastKnownFileType = sourcecode.c.h; path = SSDownload.h; sourceTree = "<group>"; };
		50F542F622D9C41D004B3F8D /* ISAccountService.h */ = {isa = PBXFileReference; fileEncoding = 4; lastKnownFileType = sourcecode.c.h; path = ISAccountService.h; sourceTree = "<group>"; };
		50F542F722D9C41D004B3F8D /* module.modulemap */ = {isa = PBXFileReference; fileEncoding = 4; lastKnownFileType = "sourcecode.module-map"; path = module.modulemap; sourceTree = "<group>"; };
		50F542F922D9C41D004B3F8D /* ISServiceProxy.h */ = {isa = PBXFileReference; fileEncoding = 4; lastKnownFileType = sourcecode.c.h; path = ISServiceProxy.h; sourceTree = "<group>"; };
		50F542FA22D9C41D004B3F8D /* ISAuthenticationContext.h */ = {isa = PBXFileReference; fileEncoding = 4; lastKnownFileType = sourcecode.c.h; path = ISAuthenticationContext.h; sourceTree = "<group>"; };
		50F542FB22D9C41D004B3F8D /* SSPurchase.h */ = {isa = PBXFileReference; fileEncoding = 4; lastKnownFileType = sourcecode.c.h; path = SSPurchase.h; sourceTree = "<group>"; };
		50F542FC22D9C41D004B3F8D /* ISStoreClient.h */ = {isa = PBXFileReference; fileEncoding = 4; lastKnownFileType = sourcecode.c.h; path = ISStoreClient.h; sourceTree = "<group>"; };
/* End PBXFileReference section */

/* Begin PBXFrameworksBuildPhase section */
		50290E6E1E53EB6A00133E3D /* Frameworks */ = {
			isa = PBXFrameworksBuildPhase;
			buildActionMask = 2147483647;
			files = (
				5048574222C81DF900C52C48 /* StoreFoundation.framework in Frameworks */,
				509B30EE28DBB17D00DDAA2E /* Sparkle in Frameworks */,
				5048574022C81DD000C52C48 /* CommerceKit.framework in Frameworks */,
			);
			runOnlyForDeploymentPostprocessing = 0;
		};
		50C81D661FBADC5900324C2E /* Frameworks */ = {
			isa = PBXFrameworksBuildPhase;
			buildActionMask = 2147483647;
			files = (
			);
			runOnlyForDeploymentPostprocessing = 0;
		};
/* End PBXFrameworksBuildPhase section */

/* Begin PBXGroup section */
		50290E681E53EB6A00133E3D = {
			isa = PBXGroup;
			children = (
				50290E731E53EB6A00133E3D /* Latest */,
				50C81D6A1FBADC5900324C2E /* Tests */,
				5046AFF21FF6CECD00ABAA97 /* Frameworks */,
				50290E721E53EB6A00133E3D /* Products */,
			);
			sourceTree = "<group>";
		};
		50290E721E53EB6A00133E3D /* Products */ = {
			isa = PBXGroup;
			children = (
				50290E711E53EB6A00133E3D /* Latest.app */,
				50C81D691FBADC5900324C2E /* Latest Tests.xctest */,
			);
			name = Products;
			sourceTree = "<group>";
		};
		50290E731E53EB6A00133E3D /* Latest */ = {
			isa = PBXGroup;
			children = (
				50290E741E53EB6A00133E3D /* AppDelegate.swift */,
				5095122A1FF36326003D2D7F /* Interface */,
				50A8D2C927D2B071004DBA05 /* View Model */,
				5095120D1FF3626A003D2D7F /* Model */,
				5094823227C19E5F00EC6B6B /* Utilities */,
				5095120C1FF3623B003D2D7F /* Resources */,
			);
			path = Latest;
			sourceTree = "<group>";
		};
		502929F8212062A100F00D1C /* Controller */ = {
			isa = PBXGroup;
			children = (
				509512311FF36380003D2D7F /* ReleaseNotesViewController.swift */,
				502929FA21206BC800F00D1C /* ReleaseNotesContentProtocol.swift */,
				502929EE2120621B00F00D1C /* ReleaseNotesTextViewController.swift */,
				502929F02120623100F00D1C /* ReleaseNotesErrorViewController.swift */,
				502929F42120624700F00D1C /* ReleaseNotesLoadingViewController.swift */,
			);
			path = Controller;
			sourceTree = "<group>";
		};
		5039DE8322CA39630088B39B /* Updater */ = {
			isa = PBXGroup;
			children = (
				5039DE8422CA396F0088B39B /* UpdateQueue.swift */,
				5039DE8622CA39C60088B39B /* UpdateOperation.swift */,
				5087CD2C22F6E06B0013354C /* SparkleUpdateOperation.swift */,
				5039DE8C22CAA2790088B39B /* MacAppStoreUpdateOperation.swift */,
			);
			path = Updater;
			sourceTree = "<group>";
		};
		5046AFF21FF6CECD00ABAA97 /* Frameworks */ = {
			isa = PBXGroup;
			children = (
				50F542DF22D9C41C004B3F8D /* CommerceKit */,
				50F542EA22D9C41D004B3F8D /* StoreFoundation */,
				5048574122C81DF800C52C48 /* StoreFoundation.framework */,
				5048573F22C81DCF00C52C48 /* CommerceKit.framework */,
			);
			name = Frameworks;
			sourceTree = "<group>";
		};
		5058BA36211F9F49003F332B /* Release Notes */ = {
			isa = PBXGroup;
			children = (
				502929F8212062A100F00D1C /* Controller */,
			);
			path = "Release Notes";
			sourceTree = "<group>";
		};
		507375552789AA7C00F371D8 /* Utilities */ = {
			isa = PBXGroup;
			children = (
				509512101FF362A1003D2D7F /* Version.swift */,
				5097354F2798D17E00FFE809 /* Observable.swift */,
				5039DE8A22CA39ED0088B39B /* StatefulOperation.swift */,
			);
			path = Utilities;
			sourceTree = "<group>";
		};
		508323C825782483000BBA13 /* Views */ = {
			isa = PBXGroup;
			children = (
				508323E1257824A9000BBA13 /* UpdateButton.swift */,
				508323E2257824AA000BBA13 /* UpdateButtonCell.swift */,
			);
			path = Views;
			sourceTree = "<group>";
		};
		508323DF25782490000BBA13 /* Utilities */ = {
			isa = PBXGroup;
			children = (
				508323E0257824A9000BBA13 /* DisplayLink.swift */,
			);
			path = Utilities;
			sourceTree = "<group>";
		};
		5094823227C19E5F00EC6B6B /* Utilities */ = {
			isa = PBXGroup;
			children = (
				506A8F6622EC14CC00C755AF /* LatestError.swift */,
				5094821C27C19E4A00EC6B6B /* CFBundle_Private.h */,
			);
			path = Utilities;
			sourceTree = "<group>";
		};
		5095120C1FF3623B003D2D7F /* Resources */ = {
			isa = PBXGroup;
			children = (
				50290E831E53EB7900133E3D /* Latest.entitlements */,
				50290E781E53EB6A00133E3D /* Assets.xcassets */,
				50290E7D1E53EB6A00133E3D /* Info.plist */,
				502217992804BB330043366B /* InfoPlist.strings */,
				5094823327C19F5800EC6B6B /* Latest Bridging_Header.h */,
				501EA98C1EB1BD8B00D05821 /* Localizable.stringsdict */,
				501EA9841EB1BA4400D05821 /* Localizable.strings */,
				50C8C85B208A0EE9004FF5D5 /* dsa_pub.pem */,
				50A86BBC27EA6BF4007A5F80 /* Credits.rtf */,
			);
			path = Resources;
			sourceTree = "<group>";
		};
		5095120D1FF3626A003D2D7F /* Model */ = {
			isa = PBXGroup;
			children = (
				50D6EF5D2814618C002D7006 /* Sparkle */,
				5058E9C227863FC80028F564 /* App.swift */,
				5073753E278998A300F371D8 /* AppLibrary.swift */,
				509512251FF3631D003D2D7F /* UpdateCheckCoordinator.swift */,
				5095121F1FF36301003D2D7F /* Bundle.swift */,
				5039DE8322CA39630088B39B /* Updater */,
				509512231FF36306003D2D7F /* Update Checker Extensions */,
				507375552789AA7C00F371D8 /* Utilities */,
				509512111FF362A1003D2D7F /* Update.swift */,
				506DF77521248F6200D792FC /* AppDataStore.swift */,
			);
			path = Model;
			sourceTree = "<group>";
		};
		509512231FF36306003D2D7F /* Update Checker Extensions */ = {
			isa = PBXGroup;
			children = (
				50C9F0F4234637BD00FD1802 /* UpdateCheckerOperation.swift */,
				50C9F1092346386B00FD1802 /* MacAppStoreCheckerOperation.swift */,
				50C9F10B234641E000FD1802 /* SparkleCheckerOperation.swift */,
				509B5D42257BD66200690AAB /* UnsupportedCheckerOperation.swift */,
			);
			path = "Update Checker Extensions";
			sourceTree = "<group>";
		};
		5095122A1FF36326003D2D7F /* Interface */ = {
			isa = PBXGroup;
			children = (
				50290E7A1E53EB6A00133E3D /* Main.storyboard */,
				5095122E1FF3634E003D2D7F /* Window Controllers */,
				50DAEF3E21047E3B00B32E8A /* Update Table View */,
				5058BA36211F9F49003F332B /* Release Notes */,
				508323C825782483000BBA13 /* Views */,
				508323DF25782490000BBA13 /* Utilities */,
			);
			path = Interface;
			sourceTree = "<group>";
		};
		5095122E1FF3634E003D2D7F /* Window Controllers */ = {
			isa = PBXGroup;
			children = (
				509512351FF36388003D2D7F /* MainWindowController.swift */,
			);
			path = "Window Controllers";
			sourceTree = "<group>";
		};
		50A8D2C927D2B071004DBA05 /* View Model */ = {
			isa = PBXGroup;
			children = (
				50737558278B0A7400F371D8 /* AppListSettings.swift */,
				507375562789AB0300F371D8 /* AppListSnapshot.swift */,
				5058BA3921202BA7003F332B /* IconCache.swift */,
				50A8D2B227D2B063004DBA05 /* ReleaseNotesProvider.swift */,
			);
			path = "View Model";
			sourceTree = "<group>";
		};
		50C81D6A1FBADC5900324C2E /* Tests */ = {
			isa = PBXGroup;
			children = (
				50C81D6D1FBADC5900324C2E /* Info.plist */,
				50C81D731FBADC9100324C2E /* VersionTest.swift */,
			);
			path = Tests;
			sourceTree = "<group>";
		};
		50D6EF5D2814618C002D7006 /* Sparkle */ = {
			isa = PBXGroup;
			children = (
				50D6EF5E281461A3002D7006 /* Sparkle.swift */,
			);
			path = Sparkle;
			sourceTree = "<group>";
		};
		50DAEF3E21047E3B00B32E8A /* Update Table View */ = {
			isa = PBXGroup;
			children = (
				50DAEF4121047EFF00B32E8A /* Controller */,
				50DAEF4221047F1300B32E8A /* Views */,
			);
			path = "Update Table View";
			sourceTree = "<group>";
		};
		50DAEF4121047EFF00B32E8A /* Controller */ = {
			isa = PBXGroup;
			children = (
				509512321FF36380003D2D7F /* UpdateTableViewController.swift */,
				50DAEF3F21047E5100B32E8A /* UpdateTableView+TouchBar.swift */,
				50ACE3F121D58DAD002FB72D /* UpdateTableView+Search.swift */,
			);
			path = Controller;
			sourceTree = "<group>";
		};
		50DAEF4221047F1300B32E8A /* Views */ = {
			isa = PBXGroup;
			children = (
				5095122F1FF36378003D2D7F /* UpdateCell.swift */,
				50DAEF4321047FA900B32E8A /* UpdateItemView.swift */,
				50037512245EA9FA00D3BB0D /* UpdateGroupCellView.swift */,
				50B5A50321246E2500E96AEC /* UpdateGroupRowView.swift */,
				506DF7772125580400D792FC /* UpdateTableView.swift */,
			);
			path = Views;
			sourceTree = "<group>";
		};
		50F542DF22D9C41C004B3F8D /* CommerceKit */ = {
			isa = PBXGroup;
			children = (
				50F542E022D9C41C004B3F8D /* CKDownloadQueueObserver.h */,
				50F542E122D9C41C004B3F8D /* CKDownloadDirectory.h */,
				50F542E222D9C41C004B3F8D /* CKSoftwareMap.h */,
				50F542E322D9C41C004B3F8D /* CKPurchaseController.h */,
				50F542E422D9C41C004B3F8D /* CKAccountStore.h */,
				50F542E622D9C41C004B3F8D /* module.modulemap */,
				50F542E722D9C41C004B3F8D /* CKServiceInterface.h */,
				50F542E922D9C41C004B3F8D /* CKDownloadQueue.h */,
			);
			name = CommerceKit;
			path = Frameworks/CommerceKit;
			sourceTree = "<group>";
		};
		50F542EA22D9C41D004B3F8D /* StoreFoundation */ = {
			isa = PBXGroup;
			children = (
				50F542EB22D9C41D004B3F8D /* SSPurchaseResponse.h */,
				50F542ED22D9C41D004B3F8D /* ISAuthenticationResponse.h */,
				50F542EE22D9C41D004B3F8D /* CKUpdate.h */,
				50F542EF22D9C41D004B3F8D /* CKSoftwareProduct.h */,
				50F542F022D9C41D004B3F8D /* SSDownloadPhase.h */,
				50F542F122D9C41D004B3F8D /* SSDownloadStatus.h */,
				50F542F222D9C41D004B3F8D /* ISServiceRemoteObject.h */,
				50F542F322D9C41D004B3F8D /* SSDownloadMetadata.h */,
				50F542F422D9C41D004B3F8D /* ISStoreAccount.h */,
				50F542F522D9C41D004B3F8D /* SSDownload.h */,
				50F542F622D9C41D004B3F8D /* ISAccountService.h */,
				50F542F722D9C41D004B3F8D /* module.modulemap */,
				50F542F922D9C41D004B3F8D /* ISServiceProxy.h */,
				50F542FA22D9C41D004B3F8D /* ISAuthenticationContext.h */,
				50F542FB22D9C41D004B3F8D /* SSPurchase.h */,
				50F542FC22D9C41D004B3F8D /* ISStoreClient.h */,
			);
			name = StoreFoundation;
			path = Frameworks/StoreFoundation;
			sourceTree = "<group>";
		};
/* End PBXGroup section */

/* Begin PBXNativeTarget section */
		50290E701E53EB6A00133E3D /* Latest */ = {
			isa = PBXNativeTarget;
			buildConfigurationList = 50290E801E53EB6A00133E3D /* Build configuration list for PBXNativeTarget "Latest" */;
			buildPhases = (
				50290E6D1E53EB6A00133E3D /* Sources */,
				50290E6E1E53EB6A00133E3D /* Frameworks */,
				50290E6F1E53EB6A00133E3D /* Resources */,
				50EAB06122B51AA200685775 /* Update Build Number */,
			);
			buildRules = (
			);
			dependencies = (
			);
			name = Latest;
			packageProductDependencies = (
				509B30ED28DBB17D00DDAA2E /* Sparkle */,
			);
			productName = Latest;
			productReference = 50290E711E53EB6A00133E3D /* Latest.app */;
			productType = "com.apple.product-type.application";
		};
		50C81D681FBADC5900324C2E /* Latest Tests */ = {
			isa = PBXNativeTarget;
			buildConfigurationList = 50C81D721FBADC5900324C2E /* Build configuration list for PBXNativeTarget "Latest Tests" */;
			buildPhases = (
				50C81D651FBADC5900324C2E /* Sources */,
				50C81D661FBADC5900324C2E /* Frameworks */,
				50C81D671FBADC5900324C2E /* Resources */,
			);
			buildRules = (
			);
			dependencies = (
				50C81D6F1FBADC5900324C2E /* PBXTargetDependency */,
			);
			name = "Latest Tests";
			productName = "Latest Tests";
			productReference = 50C81D691FBADC5900324C2E /* Latest Tests.xctest */;
			productType = "com.apple.product-type.bundle.unit-test";
		};
/* End PBXNativeTarget section */

/* Begin PBXProject section */
		50290E691E53EB6A00133E3D /* Project object */ = {
			isa = PBXProject;
			attributes = {
				CLASSPREFIX = "";
				LastSwiftUpdateCheck = 0920;
				LastUpgradeCheck = 1410;
				ORGANIZATIONNAME = "Max Langer";
				TargetAttributes = {
					50290E701E53EB6A00133E3D = {
						CreatedOnToolsVersion = 8.3;
						DevelopmentTeam = VFABJ5RE5Q;
						LastSwiftMigration = 1020;
						ProvisioningStyle = Automatic;
						SystemCapabilities = {
							com.apple.Sandbox = {
								enabled = 0;
							};
						};
					};
					50C81D681FBADC5900324C2E = {
						CreatedOnToolsVersion = 9.2;
						DevelopmentTeam = VFABJ5RE5Q;
						LastSwiftMigration = 1020;
						ProvisioningStyle = Automatic;
						TestTargetID = 50290E701E53EB6A00133E3D;
					};
				};
			};
			buildConfigurationList = 50290E6C1E53EB6A00133E3D /* Build configuration list for PBXProject "Latest" */;
			compatibilityVersion = "Xcode 3.2";
			developmentRegion = en;
			hasScannedForEncodings = 0;
			knownRegions = (
				en,
				Base,
				de,
				fr,
				ko,
				hr,
				it,
				sk,
				ru,
				ms,
				pt,
				"pt-PT",
				ca,
				es,
				nl,
				"zh-Hans",
				el,
				fa,
				nb,
				id,
				hu,
				sv,
				cs,
				uk,
				fil,
				ar,
				be,
				"zh-Hant",
				pl,
				"pt-BR",
			);
			mainGroup = 50290E681E53EB6A00133E3D;
			packageReferences = (
				509B30EC28DBB17D00DDAA2E /* XCRemoteSwiftPackageReference "Sparkle" */,
			);
			productRefGroup = 50290E721E53EB6A00133E3D /* Products */;
			projectDirPath = "";
			projectRoot = "";
			targets = (
				50290E701E53EB6A00133E3D /* Latest */,
				50C81D681FBADC5900324C2E /* Latest Tests */,
			);
		};
/* End PBXProject section */

/* Begin PBXResourcesBuildPhase section */
		50290E6F1E53EB6A00133E3D /* Resources */ = {
			isa = PBXResourcesBuildPhase;
			buildActionMask = 2147483647;
			files = (
				50BC19E328230D41005945E8 /* InfoPlist.strings in Resources */,
				50290E791E53EB6A00133E3D /* Assets.xcassets in Resources */,
				50C8C85C208A0EE9004FF5D5 /* dsa_pub.pem in Resources */,
				501EA9821EB1BA4400D05821 /* Localizable.strings in Resources */,
				50290E7C1E53EB6A00133E3D /* Main.storyboard in Resources */,
				50A86BBD27EA6BF4007A5F80 /* Credits.rtf in Resources */,
				501EA98A1EB1BD8B00D05821 /* Localizable.stringsdict in Resources */,
			);
			runOnlyForDeploymentPostprocessing = 0;
		};
		50C81D671FBADC5900324C2E /* Resources */ = {
			isa = PBXResourcesBuildPhase;
			buildActionMask = 2147483647;
			files = (
			);
			runOnlyForDeploymentPostprocessing = 0;
		};
/* End PBXResourcesBuildPhase section */

/* Begin PBXShellScriptBuildPhase section */
		50EAB06122B51AA200685775 /* Update Build Number */ = {
			isa = PBXShellScriptBuildPhase;
			alwaysOutOfDate = 1;
			buildActionMask = 12;
			files = (
			);
			inputFileListPaths = (
			);
			inputPaths = (
			);
			name = "Update Build Number";
			outputFileListPaths = (
			);
			outputPaths = (
			);
			runOnlyForDeploymentPostprocessing = 0;
			shellPath = /bin/sh;
			shellScript = "#!/bin/bash\n\ngit=$(sh /etc/profile; which git)\nnumber_of_commits=$(\"$git\" rev-list HEAD --count)\n\ntarget_plist=\"$TARGET_BUILD_DIR/$INFOPLIST_PATH\"\ndsym_plist=\"$DWARF_DSYM_FOLDER_PATH/$DWARF_DSYM_FILE_NAME/Contents/Info.plist\"\n\nfor plist in \"$target_plist\" \"$dsym_plist\"; do\nif [ -f \"$plist\" ]; then\n/usr/libexec/PlistBuddy -c \"Set :CFBundleVersion $number_of_commits\" \"$plist\"\nfi\ndone\n";
			showEnvVarsInLog = 0;
		};
/* End PBXShellScriptBuildPhase section */

/* Begin PBXSourcesBuildPhase section */
		50290E6D1E53EB6A00133E3D /* Sources */ = {
			isa = PBXSourcesBuildPhase;
			buildActionMask = 2147483647;
			files = (
				509735502798D17E00FFE809 /* Observable.swift in Sources */,
				509512141FF362A1003D2D7F /* Version.swift in Sources */,
				50737559278B0A7400F371D8 /* AppListSettings.swift in Sources */,
				509512361FF36388003D2D7F /* MainWindowController.swift in Sources */,
				508323E4257824AA000BBA13 /* UpdateButton.swift in Sources */,
				50B5A50421246E2500E96AEC /* UpdateGroupRowView.swift in Sources */,
				5058E9C327863FC80028F564 /* App.swift in Sources */,
				509512221FF36301003D2D7F /* Bundle.swift in Sources */,
				508323E3257824AA000BBA13 /* DisplayLink.swift in Sources */,
				5058BA3A21202BA7003F332B /* IconCache.swift in Sources */,
				509512341FF36380003D2D7F /* UpdateTableViewController.swift in Sources */,
				50C9F10C234641E000FD1802 /* SparkleCheckerOperation.swift in Sources */,
				50290E751E53EB6A00133E3D /* AppDelegate.swift in Sources */,
				5039DE8D22CAA2790088B39B /* MacAppStoreUpdateOperation.swift in Sources */,
				507375572789AB0300F371D8 /* AppListSnapshot.swift in Sources */,
				50C9F0F5234637BD00FD1802 /* UpdateCheckerOperation.swift in Sources */,
				50D6EF5F281461A3002D7006 /* Sparkle.swift in Sources */,
				50ACE3F221D58DAD002FB72D /* UpdateTableView+Search.swift in Sources */,
				502929EF2120621B00F00D1C /* ReleaseNotesTextViewController.swift in Sources */,
				508323E5257824AA000BBA13 /* UpdateButtonCell.swift in Sources */,
				509512331FF36380003D2D7F /* ReleaseNotesViewController.swift in Sources */,
				502929FB21206BC800F00D1C /* ReleaseNotesContentProtocol.swift in Sources */,
				5039DE8B22CA39ED0088B39B /* StatefulOperation.swift in Sources */,
				50C9F10A2346386B00FD1802 /* MacAppStoreCheckerOperation.swift in Sources */,
				502929F62120624700F00D1C /* ReleaseNotesLoadingViewController.swift in Sources */,
				5039DE8722CA39C60088B39B /* UpdateOperation.swift in Sources */,
				506A8F6722EC14CC00C755AF /* LatestError.swift in Sources */,
				509512281FF3631D003D2D7F /* UpdateCheckCoordinator.swift in Sources */,
				5073753F278998A300F371D8 /* AppLibrary.swift in Sources */,
				502929F22120623100F00D1C /* ReleaseNotesErrorViewController.swift in Sources */,
				506DF77621248F6200D792FC /* AppDataStore.swift in Sources */,
				509B5D43257BD66200690AAB /* UnsupportedCheckerOperation.swift in Sources */,
				5039DE8522CA396F0088B39B /* UpdateQueue.swift in Sources */,
				50DAEF4421047FA900B32E8A /* UpdateItemView.swift in Sources */,
				50037513245EA9FA00D3BB0D /* UpdateGroupCellView.swift in Sources */,
				50DAEF4021047E5100B32E8A /* UpdateTableView+TouchBar.swift in Sources */,
				506DF7782125580400D792FC /* UpdateTableView.swift in Sources */,
				509512301FF36378003D2D7F /* UpdateCell.swift in Sources */,
				509512151FF362A1003D2D7F /* Update.swift in Sources */,
				5087CD2D22F6E06B0013354C /* SparkleUpdateOperation.swift in Sources */,
				50A8D2B327D2B063004DBA05 /* ReleaseNotesProvider.swift in Sources */,
			);
			runOnlyForDeploymentPostprocessing = 0;
		};
		50C81D651FBADC5900324C2E /* Sources */ = {
			isa = PBXSourcesBuildPhase;
			buildActionMask = 2147483647;
			files = (
				50C81D741FBADC9100324C2E /* VersionTest.swift in Sources */,
			);
			runOnlyForDeploymentPostprocessing = 0;
		};
/* End PBXSourcesBuildPhase section */

/* Begin PBXTargetDependency section */
		50C81D6F1FBADC5900324C2E /* PBXTargetDependency */ = {
			isa = PBXTargetDependency;
			target = 50290E701E53EB6A00133E3D /* Latest */;
			targetProxy = 50C81D6E1FBADC5900324C2E /* PBXContainerItemProxy */;
		};
/* End PBXTargetDependency section */

/* Begin PBXVariantGroup section */
		501EA9841EB1BA4400D05821 /* Localizable.strings */ = {
			isa = PBXVariantGroup;
			children = (
				501EA9831EB1BA4400D05821 /* de */,
				50E65CE0247A84F300DFEB47 /* fr */,
				50C0B55126F545E300EEE4B7 /* en */,
				50368BE92800C775005D1CF2 /* ko */,
				502217772804B9990043366B /* hr */,
				50BC19E028230BE3005945E8 /* it */,
				50BC19E128230BE5005945E8 /* sk */,
				507AEF07284E0F1D00A5CCBC /* ru */,
				50E7ED442861186D006EF45F /* ms */,
				50C36372287A22E5003965E1 /* pt */,
				502572ED287CA65300E5ECAF /* pt-PT */,
				5097CD6D28A82A5D00D66B4C /* es */,
				5097CD6E28A82A5F00D66B4C /* ca */,
				50303BFF28BA06590020C46F /* nl */,
				50D6697128DBAA2F00FD3F6A /* zh-Hans */,
				50D6697728DBAC7200FD3F6A /* el */,
				29A88F8B296B7DC2000A5EDE /* fa */,
				500A892A2924F91C004008F6 /* nb */,
				500A892C2924FE0D004008F6 /* id */,
				500A89302924FE43004008F6 /* hu */,
				501B5F81298321AA009C6F70 /* cs */,
				501B5F82298321AD009C6F70 /* sv */,
				501B5F862983253E009C6F70 /* uk */,
				502F70C629AB4DF700B30692 /* fil */,
				5053E6D72A98ACEF008B18D0 /* ar */,
				5053E6D82A98ACF3008B18D0 /* be */,
				5053E6D92A98ACF5008B18D0 /* zh-Hant */,
				5053E6DA2A98AD2D008B18D0 /* pl */,
				5053E6DB2A98AD2E008B18D0 /* pt-BR */,
			);
			name = Localizable.strings;
			sourceTree = "<group>";
		};
		501EA98C1EB1BD8B00D05821 /* Localizable.stringsdict */ = {
			isa = PBXVariantGroup;
			children = (
				501EA98B1EB1BD8B00D05821 /* de */,
				501EA98D1EB1BD9400D05821 /* en */,
				50E65CDE247A84E700DFEB47 /* fr */,
				50368BE82800C76A005D1CF2 /* ko */,
				502217762804B9950043366B /* hr */,
				50BC19DE28230BDB005945E8 /* it */,
				50BC19DF28230BDD005945E8 /* sk */,
				507AEF06284E0F1800A5CCBC /* ru */,
				50E7ED4328611869006EF45F /* ms */,
				50C36371287A22E4003965E1 /* pt */,
				502572F0287CA69700E5ECAF /* pt-PT */,
				5097CD6F28A82A6300D66B4C /* ca */,
				5097CD7028A82A6500D66B4C /* es */,
				50303BFE28BA06560020C46F /* nl */,
				50D6697228DBAA3A00FD3F6A /* zh-Hans */,
				50D6697628DBAC6E00FD3F6A /* el */,
				29A88F8A296B7DC2000A5EDE /* fa */,
				500A89292924F91C004008F6 /* nb */,
				500A892D2924FE19004008F6 /* id */,
				500A89312924FE46004008F6 /* hu */,
				501B5F7F298321A3009C6F70 /* cs */,
				501B5F80298321A6009C6F70 /* sv */,
				501B5F8429832537009C6F70 /* uk */,
				502F70C529AB4DF300B30692 /* fil */,
				5053E6D42A98ACDC008B18D0 /* ar */,
				5053E6D52A98ACDE008B18D0 /* be */,
				5053E6D62A98ACE0008B18D0 /* pl */,
				5053E6DD2A98AEA8008B18D0 /* pt-BR */,
				5053E6DE2A98AF20008B18D0 /* zh-Hant */,
			);
			name = Localizable.stringsdict;
			sourceTree = "<group>";
		};
		502217992804BB330043366B /* InfoPlist.strings */ = {
			isa = PBXVariantGroup;
			children = (
				5022179A2804BB330043366B /* en */,
				502217B12804BB390043366B /* hr */,
				502217B22804BB3C0043366B /* fr */,
				502217B32804BB3E0043366B /* de */,
				502217B42804BB400043366B /* ko */,
				50BC19DC28230BCA005945E8 /* it */,
				50BC19DD28230BCC005945E8 /* sk */,
				507AEF05284E0F1500A5CCBC /* ru */,
				50E7ED4228611864006EF45F /* ms */,
				50C36370287A22E4003965E1 /* pt */,
				502572EC287CA64900E5ECAF /* pt-PT */,
				5097CD7128A82A6800D66B4C /* ca */,
				5097CD7228A82A6A00D66B4C /* es */,
				50303BFD28BA06520020C46F /* nl */,
				50D6697328DBAA4200FD3F6A /* zh-Hans */,
				50D6697528DBAC6B00FD3F6A /* el */,
				29A88F89296B7DC2000A5EDE /* fa */,
				500A89282924F91C004008F6 /* nb */,
				500A892E2924FE1F004008F6 /* id */,
				500A89322924FE4C004008F6 /* hu */,
				501B5F7D2983219B009C6F70 /* cs */,
				501B5F7E2983219F009C6F70 /* sv */,
				501B5F852983253B009C6F70 /* uk */,
				502F70C429AB4DEF00B30692 /* fil */,
				5053E6CF2A98ACD1008B18D0 /* ar */,
				5053E6D02A98ACD3008B18D0 /* be */,
				5053E6D12A98ACD4008B18D0 /* zh-Hant */,
				5053E6D22A98ACD6008B18D0 /* pl */,
				5053E6D32A98ACD7008B18D0 /* pt-BR */,
			);
			name = InfoPlist.strings;
			sourceTree = "<group>";
		};
		50290E7A1E53EB6A00133E3D /* Main.storyboard */ = {
			isa = PBXVariantGroup;
			children = (
				50290E7B1E53EB6A00133E3D /* Base */,
				501EA97F1EB1BA4400D05821 /* de */,
				50E65CDD247A84BC00DFEB47 /* fr */,
				5009D5D727F4FF9A00CBDBE6 /* en */,
				50368BD22800C725005D1CF2 /* ko */,
				502217602804B9830043366B /* hr */,
				50BC19DA28230BA8005945E8 /* it */,
				50BC19DB28230BBC005945E8 /* sk */,
				507AEEEF284E0F0900A5CCBC /* ru */,
				50E7ED2C2861183A006EF45F /* ms */,
				50C3636F287A22E4003965E1 /* pt */,
				502572D5287CA61100E5ECAF /* pt-PT */,
				5097CD5628A82A3B00D66B4C /* ca */,
				5097CD6C28A82A5500D66B4C /* es */,
				50303BFC28BA06450020C46F /* nl */,
				50D6695A28DBA9F800FD3F6A /* zh-Hans */,
				50D6697428DBAC4B00FD3F6A /* el */,
				29A88F88296B7DC2000A5EDE /* fa */,
				500A89272924F91C004008F6 /* nb */,
				500A892B2924FDEF004008F6 /* id */,
				500A892F2924FE32004008F6 /* hu */,
				501B5F7B29832166009C6F70 /* sv */,
				501B5F7C2983216D009C6F70 /* cs */,
				501B5F8329832520009C6F70 /* uk */,
				502F70BF29AB4D0700B30692 /* fil */,
				5053E6C82A98AB4B008B18D0 /* ar */,
				5053E6C92A98AB86008B18D0 /* be */,
				5053E6CA2A98AB96008B18D0 /* zh-Hant */,
				5053E6CC2A98ABE9008B18D0 /* pl */,
				5053E6CD2A98ABF3008B18D0 /* pt-BR */,
			);
			name = Main.storyboard;
			sourceTree = "<group>";
		};
/* End PBXVariantGroup section */

/* Begin XCBuildConfiguration section */
		50290E7E1E53EB6A00133E3D /* Debug */ = {
			isa = XCBuildConfiguration;
			buildSettings = {
				ALWAYS_SEARCH_USER_PATHS = NO;
				CLANG_ANALYZER_LOCALIZABILITY_NONLOCALIZED = YES;
				CLANG_ANALYZER_NONNULL = YES;
				CLANG_ANALYZER_NUMBER_OBJECT_CONVERSION = YES_AGGRESSIVE;
				CLANG_CXX_LANGUAGE_STANDARD = "gnu++0x";
				CLANG_CXX_LIBRARY = "libc++";
				CLANG_ENABLE_MODULES = YES;
				CLANG_ENABLE_OBJC_ARC = YES;
				CLANG_WARN_BLOCK_CAPTURE_AUTORELEASING = YES;
				CLANG_WARN_BOOL_CONVERSION = YES;
				CLANG_WARN_COMMA = YES;
				CLANG_WARN_CONSTANT_CONVERSION = YES;
				CLANG_WARN_DEPRECATED_OBJC_IMPLEMENTATIONS = YES;
				CLANG_WARN_DIRECT_OBJC_ISA_USAGE = YES_ERROR;
				CLANG_WARN_DOCUMENTATION_COMMENTS = YES;
				CLANG_WARN_EMPTY_BODY = YES;
				CLANG_WARN_ENUM_CONVERSION = YES;
				CLANG_WARN_INFINITE_RECURSION = YES;
				CLANG_WARN_INT_CONVERSION = YES;
				CLANG_WARN_NON_LITERAL_NULL_CONVERSION = YES;
				CLANG_WARN_OBJC_IMPLICIT_RETAIN_SELF = YES;
				CLANG_WARN_OBJC_LITERAL_CONVERSION = YES;
				CLANG_WARN_OBJC_ROOT_CLASS = YES_ERROR;
				CLANG_WARN_QUOTED_INCLUDE_IN_FRAMEWORK_HEADER = YES;
				CLANG_WARN_RANGE_LOOP_ANALYSIS = YES;
				CLANG_WARN_STRICT_PROTOTYPES = YES;
				CLANG_WARN_SUSPICIOUS_MOVE = YES;
				CLANG_WARN_UNREACHABLE_CODE = YES;
				CLANG_WARN__DUPLICATE_METHOD_MATCH = YES;
				CODE_SIGN_IDENTITY = "-";
				COPY_PHASE_STRIP = NO;
				DEAD_CODE_STRIPPING = YES;
				DEBUG_INFORMATION_FORMAT = dwarf;
				ENABLE_STRICT_OBJC_MSGSEND = YES;
				ENABLE_TESTABILITY = YES;
				GCC_C_LANGUAGE_STANDARD = gnu99;
				GCC_DYNAMIC_NO_PIC = NO;
				GCC_NO_COMMON_BLOCKS = YES;
				GCC_OPTIMIZATION_LEVEL = 0;
				GCC_PREPROCESSOR_DEFINITIONS = (
					"DEBUG=1",
					"$(inherited)",
				);
				GCC_WARN_64_TO_32_BIT_CONVERSION = YES;
				GCC_WARN_ABOUT_RETURN_TYPE = YES_ERROR;
				GCC_WARN_UNDECLARED_SELECTOR = YES;
				GCC_WARN_UNINITIALIZED_AUTOS = YES_AGGRESSIVE;
				GCC_WARN_UNUSED_FUNCTION = YES;
				GCC_WARN_UNUSED_VARIABLE = YES;
				MACOSX_DEPLOYMENT_TARGET = 10.13;
				MTL_ENABLE_DEBUG_INFO = YES;
				ONLY_ACTIVE_ARCH = YES;
				SDKROOT = macosx;
				SWIFT_ACTIVE_COMPILATION_CONDITIONS = DEBUG;
				SWIFT_OPTIMIZATION_LEVEL = "-Onone";
			};
			name = Debug;
		};
		50290E7F1E53EB6A00133E3D /* Release */ = {
			isa = XCBuildConfiguration;
			buildSettings = {
				ALWAYS_SEARCH_USER_PATHS = NO;
				CLANG_ANALYZER_LOCALIZABILITY_NONLOCALIZED = YES;
				CLANG_ANALYZER_NONNULL = YES;
				CLANG_ANALYZER_NUMBER_OBJECT_CONVERSION = YES_AGGRESSIVE;
				CLANG_CXX_LANGUAGE_STANDARD = "gnu++0x";
				CLANG_CXX_LIBRARY = "libc++";
				CLANG_ENABLE_MODULES = YES;
				CLANG_ENABLE_OBJC_ARC = YES;
				CLANG_WARN_BLOCK_CAPTURE_AUTORELEASING = YES;
				CLANG_WARN_BOOL_CONVERSION = YES;
				CLANG_WARN_COMMA = YES;
				CLANG_WARN_CONSTANT_CONVERSION = YES;
				CLANG_WARN_DEPRECATED_OBJC_IMPLEMENTATIONS = YES;
				CLANG_WARN_DIRECT_OBJC_ISA_USAGE = YES_ERROR;
				CLANG_WARN_DOCUMENTATION_COMMENTS = YES;
				CLANG_WARN_EMPTY_BODY = YES;
				CLANG_WARN_ENUM_CONVERSION = YES;
				CLANG_WARN_INFINITE_RECURSION = YES;
				CLANG_WARN_INT_CONVERSION = YES;
				CLANG_WARN_NON_LITERAL_NULL_CONVERSION = YES;
				CLANG_WARN_OBJC_IMPLICIT_RETAIN_SELF = YES;
				CLANG_WARN_OBJC_LITERAL_CONVERSION = YES;
				CLANG_WARN_OBJC_ROOT_CLASS = YES_ERROR;
				CLANG_WARN_QUOTED_INCLUDE_IN_FRAMEWORK_HEADER = YES;
				CLANG_WARN_RANGE_LOOP_ANALYSIS = YES;
				CLANG_WARN_STRICT_PROTOTYPES = YES;
				CLANG_WARN_SUSPICIOUS_MOVE = YES;
				CLANG_WARN_UNREACHABLE_CODE = YES;
				CLANG_WARN__DUPLICATE_METHOD_MATCH = YES;
				CODE_SIGN_IDENTITY = "-";
				COPY_PHASE_STRIP = NO;
				DEAD_CODE_STRIPPING = YES;
				DEBUG_INFORMATION_FORMAT = "dwarf-with-dsym";
				ENABLE_NS_ASSERTIONS = NO;
				ENABLE_STRICT_OBJC_MSGSEND = YES;
				GCC_C_LANGUAGE_STANDARD = gnu99;
				GCC_NO_COMMON_BLOCKS = YES;
				GCC_WARN_64_TO_32_BIT_CONVERSION = YES;
				GCC_WARN_ABOUT_RETURN_TYPE = YES_ERROR;
				GCC_WARN_UNDECLARED_SELECTOR = YES;
				GCC_WARN_UNINITIALIZED_AUTOS = YES_AGGRESSIVE;
				GCC_WARN_UNUSED_FUNCTION = YES;
				GCC_WARN_UNUSED_VARIABLE = YES;
				MACOSX_DEPLOYMENT_TARGET = 10.13;
				MTL_ENABLE_DEBUG_INFO = NO;
				SDKROOT = macosx;
				SWIFT_COMPILATION_MODE = wholemodule;
				SWIFT_OPTIMIZATION_LEVEL = "-O";
			};
			name = Release;
		};
		50290E811E53EB6A00133E3D /* Debug */ = {
			isa = XCBuildConfiguration;
			buildSettings = {
				ALWAYS_EMBED_SWIFT_STANDARD_LIBRARIES = YES;
				ASSETCATALOG_COMPILER_APPICON_NAME = AppIcon;
				CLANG_ENABLE_OBJC_WEAK = YES;
				CODE_SIGN_IDENTITY = "Mac Developer";
				CODE_SIGN_STYLE = Automatic;
				COMBINE_HIDPI_IMAGES = YES;
				DEAD_CODE_STRIPPING = YES;
				DEVELOPMENT_ASSET_PATHS = "";
				DEVELOPMENT_TEAM = VFABJ5RE5Q;
				ENABLE_HARDENED_RUNTIME = YES;
				FRAMEWORK_SEARCH_PATHS = (
					"$(inherited)",
					/System/Library/PrivateFrameworks,
					"$(PROJECT_DIR)/Frameworks",
				);
				INFOPLIST_FILE = "$(SRCROOT)/Latest/Resources/Info.plist";
				LD_RUNPATH_SEARCH_PATHS = (
					"$(inherited)",
					"@executable_path/../Frameworks",
					"@loader_path/Frameworks",
				);
				MARKETING_VERSION = 0.9;
				PRODUCT_BUNDLE_IDENTIFIER = "com.max-langer.Latest";
				PRODUCT_NAME = "$(TARGET_NAME)";
				PROVISIONING_PROFILE_SPECIFIER = "";
				SWIFT_INCLUDE_PATHS = "$(inherited) $(SRCROOT)/Frameworks/CommerceKit $(SRCROOT)/Frameworks/StoreFoundation";
				SWIFT_OBJC_BRIDGING_HEADER = "Latest/Resources/Latest Bridging_Header.h";
				SWIFT_VERSION = 5.0;
				SYSTEM_FRAMEWORK_SEARCH_PATHS = (
					"$(inherited)",
					"$(SYSTEM_LIBRARY_DIR)/PrivateFrameworks",
				);
			};
			name = Debug;
		};
		50290E821E53EB6A00133E3D /* Release */ = {
			isa = XCBuildConfiguration;
			buildSettings = {
				ALWAYS_EMBED_SWIFT_STANDARD_LIBRARIES = YES;
				ASSETCATALOG_COMPILER_APPICON_NAME = AppIcon;
				CLANG_ENABLE_OBJC_WEAK = YES;
				CODE_SIGN_IDENTITY = "Mac Developer";
				CODE_SIGN_STYLE = Automatic;
				COMBINE_HIDPI_IMAGES = YES;
				DEAD_CODE_STRIPPING = YES;
				DEVELOPMENT_ASSET_PATHS = "";
				DEVELOPMENT_TEAM = VFABJ5RE5Q;
				ENABLE_HARDENED_RUNTIME = YES;
				FRAMEWORK_SEARCH_PATHS = (
					"$(inherited)",
					/System/Library/PrivateFrameworks,
					"$(PROJECT_DIR)/Frameworks",
				);
				INFOPLIST_FILE = "$(SRCROOT)/Latest/Resources/Info.plist";
				LD_RUNPATH_SEARCH_PATHS = (
					"$(inherited)",
					"@executable_path/../Frameworks",
					"@loader_path/Frameworks",
				);
				MARKETING_VERSION = 0.9;
				PRODUCT_BUNDLE_IDENTIFIER = "com.max-langer.Latest";
				PRODUCT_NAME = "$(TARGET_NAME)";
				PROVISIONING_PROFILE_SPECIFIER = "";
				SWIFT_INCLUDE_PATHS = "$(inherited) $(SRCROOT)/Frameworks/CommerceKit $(SRCROOT)/Frameworks/StoreFoundation";
				SWIFT_OBJC_BRIDGING_HEADER = "Latest/Resources/Latest Bridging_Header.h";
				SWIFT_VERSION = 5.0;
				SYSTEM_FRAMEWORK_SEARCH_PATHS = (
					"$(inherited)",
					"$(SYSTEM_LIBRARY_DIR)/PrivateFrameworks",
				);
			};
			name = Release;
		};
		50C81D701FBADC5900324C2E /* Debug */ = {
			isa = XCBuildConfiguration;
			buildSettings = {
				BUNDLE_LOADER = "$(TEST_HOST)";
				CLANG_CXX_LANGUAGE_STANDARD = "gnu++14";
				CLANG_ENABLE_OBJC_WEAK = YES;
				CLANG_WARN_UNGUARDED_AVAILABILITY = YES_AGGRESSIVE;
				CODE_SIGN_IDENTITY = "Mac Developer";
				CODE_SIGN_STYLE = Automatic;
				COMBINE_HIDPI_IMAGES = YES;
				DEAD_CODE_STRIPPING = YES;
				DEVELOPMENT_TEAM = VFABJ5RE5Q;
				GCC_C_LANGUAGE_STANDARD = gnu11;
				INFOPLIST_FILE = Tests/Info.plist;
				LD_RUNPATH_SEARCH_PATHS = (
					"$(inherited)",
					"@executable_path/../Frameworks",
					"@loader_path/../Frameworks",
				);
				MACOSX_DEPLOYMENT_TARGET = 10.13;
				PRODUCT_BUNDLE_IDENTIFIER = "com.max-langer.Latest-Tests";
				PRODUCT_NAME = "$(TARGET_NAME)";
				SWIFT_VERSION = 5.0;
				TEST_HOST = "$(BUILT_PRODUCTS_DIR)/Latest.app/Contents/MacOS/Latest";
			};
			name = Debug;
		};
		50C81D711FBADC5900324C2E /* Release */ = {
			isa = XCBuildConfiguration;
			buildSettings = {
				BUNDLE_LOADER = "$(TEST_HOST)";
				CLANG_CXX_LANGUAGE_STANDARD = "gnu++14";
				CLANG_ENABLE_OBJC_WEAK = YES;
				CLANG_WARN_UNGUARDED_AVAILABILITY = YES_AGGRESSIVE;
				CODE_SIGN_IDENTITY = "Mac Developer";
				CODE_SIGN_STYLE = Automatic;
				COMBINE_HIDPI_IMAGES = YES;
				DEAD_CODE_STRIPPING = YES;
				DEVELOPMENT_TEAM = VFABJ5RE5Q;
				GCC_C_LANGUAGE_STANDARD = gnu11;
				INFOPLIST_FILE = Tests/Info.plist;
				LD_RUNPATH_SEARCH_PATHS = (
					"$(inherited)",
					"@executable_path/../Frameworks",
					"@loader_path/../Frameworks",
				);
				MACOSX_DEPLOYMENT_TARGET = 10.13;
				PRODUCT_BUNDLE_IDENTIFIER = "com.max-langer.Latest-Tests";
				PRODUCT_NAME = "$(TARGET_NAME)";
				SWIFT_VERSION = 5.0;
				TEST_HOST = "$(BUILT_PRODUCTS_DIR)/Latest.app/Contents/MacOS/Latest";
			};
			name = Release;
		};
/* End XCBuildConfiguration section */

/* Begin XCConfigurationList section */
		50290E6C1E53EB6A00133E3D /* Build configuration list for PBXProject "Latest" */ = {
			isa = XCConfigurationList;
			buildConfigurations = (
				50290E7E1E53EB6A00133E3D /* Debug */,
				50290E7F1E53EB6A00133E3D /* Release */,
			);
			defaultConfigurationIsVisible = 0;
			defaultConfigurationName = Release;
		};
		50290E801E53EB6A00133E3D /* Build configuration list for PBXNativeTarget "Latest" */ = {
			isa = XCConfigurationList;
			buildConfigurations = (
				50290E811E53EB6A00133E3D /* Debug */,
				50290E821E53EB6A00133E3D /* Release */,
			);
			defaultConfigurationIsVisible = 0;
			defaultConfigurationName = Release;
		};
		50C81D721FBADC5900324C2E /* Build configuration list for PBXNativeTarget "Latest Tests" */ = {
			isa = XCConfigurationList;
			buildConfigurations = (
				50C81D701FBADC5900324C2E /* Debug */,
				50C81D711FBADC5900324C2E /* Release */,
			);
			defaultConfigurationIsVisible = 0;
			defaultConfigurationName = Release;
		};
/* End XCConfigurationList section */

/* Begin XCRemoteSwiftPackageReference section */
		509B30EC28DBB17D00DDAA2E /* XCRemoteSwiftPackageReference "Sparkle" */ = {
			isa = XCRemoteSwiftPackageReference;
			repositoryURL = "https://github.com/sparkle-project/Sparkle";
			requirement = {
				branch = 2.x;
				kind = branch;
			};
		};
/* End XCRemoteSwiftPackageReference section */

/* Begin XCSwiftPackageProductDependency section */
		509B30ED28DBB17D00DDAA2E /* Sparkle */ = {
			isa = XCSwiftPackageProductDependency;
			package = 509B30EC28DBB17D00DDAA2E /* XCRemoteSwiftPackageReference "Sparkle" */;
			productName = Sparkle;
		};
/* End XCSwiftPackageProductDependency section */
	};
	rootObject = 50290E691E53EB6A00133E3D /* Project object */;
}
