// !$*UTF8*$!
{
	archiveVersion = 1;
	classes = {
	};
	objectVersion = 46;
	objects = {

/* Begin PBXBuildFile section */
		501EA9821EB1BA4400D05821 /* Localizable.strings in Resources */ = {isa = PBXBuildFile; fileRef = 501EA9841EB1BA4400D05821 /* Localizable.strings */; };
		501EA9871EB1BA4500D05821 /* InfoPlist.strings in Resources */ = {isa = PBXBuildFile; fileRef = 501EA9891EB1BA4500D05821 /* InfoPlist.strings */; };
		501EA98A1EB1BD8B00D05821 /* Localizable.stringsdict in Resources */ = {isa = PBXBuildFile; fileRef = 501EA98C1EB1BD8B00D05821 /* Localizable.stringsdict */; };
		50290E751E53EB6A00133E3D /* AppDelegate.swift in Sources */ = {isa = PBXBuildFile; fileRef = 50290E741E53EB6A00133E3D /* AppDelegate.swift */; };
		50290E791E53EB6A00133E3D /* Assets.xcassets in Resources */ = {isa = PBXBuildFile; fileRef = 50290E781E53EB6A00133E3D /* Assets.xcassets */; };
		50290E7C1E53EB6A00133E3D /* Main.storyboard in Resources */ = {isa = PBXBuildFile; fileRef = 50290E7A1E53EB6A00133E3D /* Main.storyboard */; };
		509512141FF362A1003D2D7F /* Version.swift in Sources */ = {isa = PBXBuildFile; fileRef = 509512101FF362A1003D2D7F /* Version.swift */; };
		509512151FF362A1003D2D7F /* VersionInfo.swift in Sources */ = {isa = PBXBuildFile; fileRef = 509512111FF362A1003D2D7F /* VersionInfo.swift */; };
		509512201FF36301003D2D7F /* MacAppStoreAppBundle.swift in Sources */ = {isa = PBXBuildFile; fileRef = 5095121D1FF36301003D2D7F /* MacAppStoreAppBundle.swift */; };
		509512211FF36301003D2D7F /* SparkleAppBundle.swift in Sources */ = {isa = PBXBuildFile; fileRef = 5095121E1FF36301003D2D7F /* SparkleAppBundle.swift */; };
		509512221FF36301003D2D7F /* AppBundle.swift in Sources */ = {isa = PBXBuildFile; fileRef = 5095121F1FF36301003D2D7F /* AppBundle.swift */; };
		509512271FF3631D003D2D7F /* SparkleExtension.swift in Sources */ = {isa = PBXBuildFile; fileRef = 509512241FF3631D003D2D7F /* SparkleExtension.swift */; };
		509512281FF3631D003D2D7F /* UpdateChecker.swift in Sources */ = {isa = PBXBuildFile; fileRef = 509512251FF3631D003D2D7F /* UpdateChecker.swift */; };
		509512291FF3631D003D2D7F /* MacAppStoreExtension.swift in Sources */ = {isa = PBXBuildFile; fileRef = 509512261FF3631D003D2D7F /* MacAppStoreExtension.swift */; };
		509512301FF36378003D2D7F /* UpdateCell.swift in Sources */ = {isa = PBXBuildFile; fileRef = 5095122F1FF36378003D2D7F /* UpdateCell.swift */; };
		509512331FF36380003D2D7F /* UpdateDetailsViewController.swift in Sources */ = {isa = PBXBuildFile; fileRef = 509512311FF36380003D2D7F /* UpdateDetailsViewController.swift */; };
		509512341FF36380003D2D7F /* UpdateListViewController.swift in Sources */ = {isa = PBXBuildFile; fileRef = 509512321FF36380003D2D7F /* UpdateListViewController.swift */; };
		509512361FF36388003D2D7F /* MainWindowController.swift in Sources */ = {isa = PBXBuildFile; fileRef = 509512351FF36388003D2D7F /* MainWindowController.swift */; };
		50C81D741FBADC9100324C2E /* VersionTest.swift in Sources */ = {isa = PBXBuildFile; fileRef = 50C81D731FBADC9100324C2E /* VersionTest.swift */; };
/* End PBXBuildFile section */

/* Begin PBXContainerItemProxy section */
		50C81D6E1FBADC5900324C2E /* PBXContainerItemProxy */ = {
			isa = PBXContainerItemProxy;
			containerPortal = 50290E691E53EB6A00133E3D /* Project object */;
			proxyType = 1;
			remoteGlobalIDString = 50290E701E53EB6A00133E3D;
			remoteInfo = Latest;
		};
/* End PBXContainerItemProxy section */

/* Begin PBXFileReference section */
		501EA97F1EB1BA4400D05821 /* de */ = {isa = PBXFileReference; lastKnownFileType = text.plist.strings; name = de; path = de.lproj/Main.strings; sourceTree = "<group>"; };
		501EA9831EB1BA4400D05821 /* de */ = {isa = PBXFileReference; lastKnownFileType = text.plist.strings; name = de; path = de.lproj/Localizable.strings; sourceTree = "<group>"; };
		501EA9881EB1BA4500D05821 /* de */ = {isa = PBXFileReference; lastKnownFileType = text.plist.strings; name = de; path = de.lproj/InfoPlist.strings; sourceTree = "<group>"; };
		501EA98B1EB1BD8B00D05821 /* de */ = {isa = PBXFileReference; lastKnownFileType = text.plist.stringsdict; name = de; path = de.lproj/Localizable.stringsdict; sourceTree = "<group>"; };
		501EA98D1EB1BD9400D05821 /* en */ = {isa = PBXFileReference; lastKnownFileType = text.plist.stringsdict; name = en; path = en.lproj/Localizable.stringsdict; sourceTree = "<group>"; };
		50290E711E53EB6A00133E3D /* Latest.app */ = {isa = PBXFileReference; explicitFileType = wrapper.application; includeInIndex = 0; path = Latest.app; sourceTree = BUILT_PRODUCTS_DIR; };
		50290E741E53EB6A00133E3D /* AppDelegate.swift */ = {isa = PBXFileReference; lastKnownFileType = sourcecode.swift; path = AppDelegate.swift; sourceTree = "<group>"; };
		50290E781E53EB6A00133E3D /* Assets.xcassets */ = {isa = PBXFileReference; lastKnownFileType = folder.assetcatalog; path = Assets.xcassets; sourceTree = "<group>"; };
		50290E7B1E53EB6A00133E3D /* Base */ = {isa = PBXFileReference; lastKnownFileType = file.storyboard; name = Base; path = Base.lproj/Main.storyboard; sourceTree = "<group>"; };
		50290E7D1E53EB6A00133E3D /* Info.plist */ = {isa = PBXFileReference; lastKnownFileType = text.plist.xml; path = Info.plist; sourceTree = "<group>"; };
		50290E831E53EB7900133E3D /* Latest.entitlements */ = {isa = PBXFileReference; lastKnownFileType = text.plist.entitlements; path = Latest.entitlements; sourceTree = "<group>"; };
		509512101FF362A1003D2D7F /* Version.swift */ = {isa = PBXFileReference; fileEncoding = 4; lastKnownFileType = sourcecode.swift; path = Version.swift; sourceTree = "<group>"; };
		509512111FF362A1003D2D7F /* VersionInfo.swift */ = {isa = PBXFileReference; fileEncoding = 4; lastKnownFileType = sourcecode.swift; path = VersionInfo.swift; sourceTree = "<group>"; };
		5095121D1FF36301003D2D7F /* MacAppStoreAppBundle.swift */ = {isa = PBXFileReference; fileEncoding = 4; lastKnownFileType = sourcecode.swift; path = MacAppStoreAppBundle.swift; sourceTree = "<group>"; };
		5095121E1FF36301003D2D7F /* SparkleAppBundle.swift */ = {isa = PBXFileReference; fileEncoding = 4; lastKnownFileType = sourcecode.swift; path = SparkleAppBundle.swift; sourceTree = "<group>"; };
		5095121F1FF36301003D2D7F /* AppBundle.swift */ = {isa = PBXFileReference; fileEncoding = 4; lastKnownFileType = sourcecode.swift; path = AppBundle.swift; sourceTree = "<group>"; };
		509512241FF3631D003D2D7F /* SparkleExtension.swift */ = {isa = PBXFileReference; fileEncoding = 4; lastKnownFileType = sourcecode.swift; name = SparkleExtension.swift; path = "Latest/Model/Update Checker Extensions/SparkleExtension.swift"; sourceTree = SOURCE_ROOT; };
		509512251FF3631D003D2D7F /* UpdateChecker.swift */ = {isa = PBXFileReference; fileEncoding = 4; lastKnownFileType = sourcecode.swift; name = UpdateChecker.swift; path = "Latest/Model/Update Checker Extensions/UpdateChecker.swift"; sourceTree = SOURCE_ROOT; };
		509512261FF3631D003D2D7F /* MacAppStoreExtension.swift */ = {isa = PBXFileReference; fileEncoding = 4; lastKnownFileType = sourcecode.swift; name = MacAppStoreExtension.swift; path = "Latest/Model/Update Checker Extensions/MacAppStoreExtension.swift"; sourceTree = SOURCE_ROOT; };
		5095122F1FF36378003D2D7F /* UpdateCell.swift */ = {isa = PBXFileReference; fileEncoding = 4; lastKnownFileType = sourcecode.swift; path = UpdateCell.swift; sourceTree = "<group>"; };
		509512311FF36380003D2D7F /* UpdateDetailsViewController.swift */ = {isa = PBXFileReference; fileEncoding = 4; lastKnownFileType = sourcecode.swift; path = UpdateDetailsViewController.swift; sourceTree = "<group>"; };
		509512321FF36380003D2D7F /* UpdateListViewController.swift */ = {isa = PBXFileReference; fileEncoding = 4; lastKnownFileType = sourcecode.swift; path = UpdateListViewController.swift; sourceTree = "<group>"; };
		509512351FF36388003D2D7F /* MainWindowController.swift */ = {isa = PBXFileReference; fileEncoding = 4; lastKnownFileType = sourcecode.swift; path = MainWindowController.swift; sourceTree = "<group>"; };
		50C81D691FBADC5900324C2E /* Latest Tests.xctest */ = {isa = PBXFileReference; explicitFileType = wrapper.cfbundle; includeInIndex = 0; path = "Latest Tests.xctest"; sourceTree = BUILT_PRODUCTS_DIR; };
		50C81D6D1FBADC5900324C2E /* Info.plist */ = {isa = PBXFileReference; lastKnownFileType = text.plist.xml; path = Info.plist; sourceTree = "<group>"; };
		50C81D731FBADC9100324C2E /* VersionTest.swift */ = {isa = PBXFileReference; lastKnownFileType = sourcecode.swift; path = VersionTest.swift; sourceTree = "<group>"; };
/* End PBXFileReference section */

/* Begin PBXFrameworksBuildPhase section */
		50290E6E1E53EB6A00133E3D /* Frameworks */ = {
			isa = PBXFrameworksBuildPhase;
			buildActionMask = 2147483647;
			files = (
			);
			runOnlyForDeploymentPostprocessing = 0;
		};
		50C81D661FBADC5900324C2E /* Frameworks */ = {
			isa = PBXFrameworksBuildPhase;
			buildActionMask = 2147483647;
			files = (
			);
			runOnlyForDeploymentPostprocessing = 0;
		};
/* End PBXFrameworksBuildPhase section */

/* Begin PBXGroup section */
		50290E681E53EB6A00133E3D = {
			isa = PBXGroup;
			children = (
				50290E731E53EB6A00133E3D /* Latest */,
				50C81D6A1FBADC5900324C2E /* Tests */,
				50290E721E53EB6A00133E3D /* Products */,
			);
			sourceTree = "<group>";
		};
		50290E721E53EB6A00133E3D /* Products */ = {
			isa = PBXGroup;
			children = (
				50290E711E53EB6A00133E3D /* Latest.app */,
				50C81D691FBADC5900324C2E /* Latest Tests.xctest */,
			);
			name = Products;
			sourceTree = "<group>";
		};
		50290E731E53EB6A00133E3D /* Latest */ = {
			isa = PBXGroup;
			children = (
				5095122A1FF36326003D2D7F /* Visuals */,
				5095120D1FF3626A003D2D7F /* Model */,
				50290E831E53EB7900133E3D /* Latest.entitlements */,
				50290E741E53EB6A00133E3D /* AppDelegate.swift */,
				50290E7A1E53EB6A00133E3D /* Main.storyboard */,
				5095120C1FF3623B003D2D7F /* Other */,
			);
			path = Latest;
			sourceTree = "<group>";
		};
		5095120C1FF3623B003D2D7F /* Other */ = {
			isa = PBXGroup;
			children = (
				50290E781E53EB6A00133E3D /* Assets.xcassets */,
				501EA9891EB1BA4500D05821 /* InfoPlist.strings */,
				501EA9841EB1BA4400D05821 /* Localizable.strings */,
				50290E7D1E53EB6A00133E3D /* Info.plist */,
				501EA98C1EB1BD8B00D05821 /* Localizable.stringsdict */,
			);
			path = Other;
			sourceTree = "<group>";
		};
		5095120D1FF3626A003D2D7F /* Model */ = {
			isa = PBXGroup;
			children = (
				509512161FF362D1003D2D7F /* App Bundles */,
				509512231FF36306003D2D7F /* Update Checker Extensions */,
				509512101FF362A1003D2D7F /* Version.swift */,
				509512111FF362A1003D2D7F /* VersionInfo.swift */,
			);
			path = Model;
			sourceTree = "<group>";
		};
		509512161FF362D1003D2D7F /* App Bundles */ = {
			isa = PBXGroup;
			children = (
				5095121F1FF36301003D2D7F /* AppBundle.swift */,
				5095121D1FF36301003D2D7F /* MacAppStoreAppBundle.swift */,
				5095121E1FF36301003D2D7F /* SparkleAppBundle.swift */,
			);
			path = "App Bundles";
			sourceTree = "<group>";
		};
		509512231FF36306003D2D7F /* Update Checker Extensions */ = {
			isa = PBXGroup;
			children = (
				509512261FF3631D003D2D7F /* MacAppStoreExtension.swift */,
				509512241FF3631D003D2D7F /* SparkleExtension.swift */,
				509512251FF3631D003D2D7F /* UpdateChecker.swift */,
			);
			name = "Update Checker Extensions";
			path = "App Updates";
			sourceTree = "<group>";
		};
		5095122A1FF36326003D2D7F /* Visuals */ = {
			isa = PBXGroup;
			children = (
				5095122B1FF36335003D2D7F /* Views */,
				5095122D1FF36343003D2D7F /* View Controllers */,
				5095122E1FF3634E003D2D7F /* Window Controllers */,
			);
			path = Visuals;
			sourceTree = "<group>";
		};
		5095122B1FF36335003D2D7F /* Views */ = {
			isa = PBXGroup;
			children = (
				5095122F1FF36378003D2D7F /* UpdateCell.swift */,
			);
			path = Views;
			sourceTree = "<group>";
		};
		5095122D1FF36343003D2D7F /* View Controllers */ = {
			isa = PBXGroup;
			children = (
				509512311FF36380003D2D7F /* UpdateDetailsViewController.swift */,
				509512321FF36380003D2D7F /* UpdateListViewController.swift */,
			);
			path = "View Controllers";
			sourceTree = "<group>";
		};
		5095122E1FF3634E003D2D7F /* Window Controllers */ = {
			isa = PBXGroup;
			children = (
				509512351FF36388003D2D7F /* MainWindowController.swift */,
			);
			path = "Window Controllers";
			sourceTree = "<group>";
		};
		50C81D6A1FBADC5900324C2E /* Tests */ = {
			isa = PBXGroup;
			children = (
				50C81D6D1FBADC5900324C2E /* Info.plist */,
				50C81D731FBADC9100324C2E /* VersionTest.swift */,
			);
			path = Tests;
			sourceTree = "<group>";
		};
/* End PBXGroup section */

/* Begin PBXNativeTarget section */
		50290E701E53EB6A00133E3D /* Latest */ = {
			isa = PBXNativeTarget;
			buildConfigurationList = 50290E801E53EB6A00133E3D /* Build configuration list for PBXNativeTarget "Latest" */;
			buildPhases = (
				50290E6D1E53EB6A00133E3D /* Sources */,
				50290E6E1E53EB6A00133E3D /* Frameworks */,
				50290E6F1E53EB6A00133E3D /* Resources */,
			);
			buildRules = (
			);
			dependencies = (
			);
			name = Latest;
			productName = Latest;
			productReference = 50290E711E53EB6A00133E3D /* Latest.app */;
			productType = "com.apple.product-type.application";
		};
		50C81D681FBADC5900324C2E /* Latest Tests */ = {
			isa = PBXNativeTarget;
			buildConfigurationList = 50C81D721FBADC5900324C2E /* Build configuration list for PBXNativeTarget "Latest Tests" */;
			buildPhases = (
				50C81D651FBADC5900324C2E /* Sources */,
				50C81D661FBADC5900324C2E /* Frameworks */,
				50C81D671FBADC5900324C2E /* Resources */,
			);
			buildRules = (
			);
			dependencies = (
				50C81D6F1FBADC5900324C2E /* PBXTargetDependency */,
			);
			name = "Latest Tests";
			productName = "Latest Tests";
			productReference = 50C81D691FBADC5900324C2E /* Latest Tests.xctest */;
			productType = "com.apple.product-type.bundle.unit-test";
		};
/* End PBXNativeTarget section */

/* Begin PBXProject section */
		50290E691E53EB6A00133E3D /* Project object */ = {
			isa = PBXProject;
			attributes = {
				CLASSPREFIX = "";
				LastSwiftUpdateCheck = 0920;
				LastUpgradeCheck = 0920;
				ORGANIZATIONNAME = "Max Langer";
				TargetAttributes = {
					50290E701E53EB6A00133E3D = {
						CreatedOnToolsVersion = 8.3;
						DevelopmentTeam = VFABJ5RE5Q;
						LastSwiftMigration = 0920;
						ProvisioningStyle = Automatic;
						SystemCapabilities = {
							com.apple.Sandbox = {
								enabled = 0;
							};
						};
					};
					50C81D681FBADC5900324C2E = {
						CreatedOnToolsVersion = 9.2;
						DevelopmentTeam = VFABJ5RE5Q;
						ProvisioningStyle = Automatic;
						TestTargetID = 50290E701E53EB6A00133E3D;
					};
				};
			};
			buildConfigurationList = 50290E6C1E53EB6A00133E3D /* Build configuration list for PBXProject "Latest" */;
			compatibilityVersion = "Xcode 3.2";
			developmentRegion = English;
			hasScannedForEncodings = 0;
			knownRegions = (
				en,
				Base,
			);
			mainGroup = 50290E681E53EB6A00133E3D;
			productRefGroup = 50290E721E53EB6A00133E3D /* Products */;
			projectDirPath = "";
			projectRoot = "";
			targets = (
				50290E701E53EB6A00133E3D /* Latest */,
				50C81D681FBADC5900324C2E /* Latest Tests */,
			);
		};
/* End PBXProject section */

/* Begin PBXResourcesBuildPhase section */
		50290E6F1E53EB6A00133E3D /* Resources */ = {
			isa = PBXResourcesBuildPhase;
			buildActionMask = 2147483647;
			files = (
				50290E791E53EB6A00133E3D /* Assets.xcassets in Resources */,
				501EA9821EB1BA4400D05821 /* Localizable.strings in Resources */,
				50290E7C1E53EB6A00133E3D /* Main.storyboard in Resources */,
				501EA98A1EB1BD8B00D05821 /* Localizable.stringsdict in Resources */,
				501EA9871EB1BA4500D05821 /* InfoPlist.strings in Resources */,
			);
			runOnlyForDeploymentPostprocessing = 0;
		};
		50C81D671FBADC5900324C2E /* Resources */ = {
			isa = PBXResourcesBuildPhase;
			buildActionMask = 2147483647;
			files = (
			);
			runOnlyForDeploymentPostprocessing = 0;
		};
/* End PBXResourcesBuildPhase section */

/* Begin PBXSourcesBuildPhase section */
		50290E6D1E53EB6A00133E3D /* Sources */ = {
			isa = PBXSourcesBuildPhase;
			buildActionMask = 2147483647;
			files = (
				509512201FF36301003D2D7F /* MacAppStoreAppBundle.swift in Sources */,
				509512141FF362A1003D2D7F /* Version.swift in Sources */,
				509512361FF36388003D2D7F /* MainWindowController.swift in Sources */,
				509512221FF36301003D2D7F /* AppBundle.swift in Sources */,
				509512341FF36380003D2D7F /* UpdateListViewController.swift in Sources */,
				50290E751E53EB6A00133E3D /* AppDelegate.swift in Sources */,
				509512271FF3631D003D2D7F /* SparkleExtension.swift in Sources */,
				509512211FF36301003D2D7F /* SparkleAppBundle.swift in Sources */,
				509512331FF36380003D2D7F /* UpdateDetailsViewController.swift in Sources */,
				509512291FF3631D003D2D7F /* MacAppStoreExtension.swift in Sources */,
				509512281FF3631D003D2D7F /* UpdateChecker.swift in Sources */,
				509512301FF36378003D2D7F /* UpdateCell.swift in Sources */,
				509512151FF362A1003D2D7F /* VersionInfo.swift in Sources */,
			);
			runOnlyForDeploymentPostprocessing = 0;
		};
		50C81D651FBADC5900324C2E /* Sources */ = {
			isa = PBXSourcesBuildPhase;
			buildActionMask = 2147483647;
			files = (
				50C81D741FBADC9100324C2E /* VersionTest.swift in Sources */,
			);
			runOnlyForDeploymentPostprocessing = 0;
		};
/* End PBXSourcesBuildPhase section */

/* Begin PBXTargetDependency section */
		50C81D6F1FBADC5900324C2E /* PBXTargetDependency */ = {
			isa = PBXTargetDependency;
			target = 50290E701E53EB6A00133E3D /* Latest */;
			targetProxy = 50C81D6E1FBADC5900324C2E /* PBXContainerItemProxy */;
		};
/* End PBXTargetDependency section */

/* Begin PBXVariantGroup section */
		501EA9841EB1BA4400D05821 /* Localizable.strings */ = {
			isa = PBXVariantGroup;
			children = (
				501EA9831EB1BA4400D05821 /* de */,
			);
			name = Localizable.strings;
			sourceTree = "<group>";
		};
		501EA9891EB1BA4500D05821 /* InfoPlist.strings */ = {
			isa = PBXVariantGroup;
			children = (
				501EA9881EB1BA4500D05821 /* de */,
			);
			name = InfoPlist.strings;
			sourceTree = "<group>";
		};
		501EA98C1EB1BD8B00D05821 /* Localizable.stringsdict */ = {
			isa = PBXVariantGroup;
			children = (
				501EA98B1EB1BD8B00D05821 /* de */,
				501EA98D1EB1BD9400D05821 /* en */,
			);
			name = Localizable.stringsdict;
			sourceTree = "<group>";
		};
		50290E7A1E53EB6A00133E3D /* Main.storyboard */ = {
			isa = PBXVariantGroup;
			children = (
				50290E7B1E53EB6A00133E3D /* Base */,
				501EA97F1EB1BA4400D05821 /* de */,
			);
			name = Main.storyboard;
			sourceTree = "<group>";
		};
/* End PBXVariantGroup section */

/* Begin XCBuildConfiguration section */
		50290E7E1E53EB6A00133E3D /* Debug */ = {
			isa = XCBuildConfiguration;
			buildSettings = {
				ALWAYS_SEARCH_USER_PATHS = NO;
				CLANG_ANALYZER_LOCALIZABILITY_NONLOCALIZED = YES;
				CLANG_ANALYZER_NONNULL = YES;
				CLANG_ANALYZER_NUMBER_OBJECT_CONVERSION = YES_AGGRESSIVE;
				CLANG_CXX_LANGUAGE_STANDARD = "gnu++0x";
				CLANG_CXX_LIBRARY = "libc++";
				CLANG_ENABLE_MODULES = YES;
				CLANG_ENABLE_OBJC_ARC = YES;
				CLANG_WARN_BLOCK_CAPTURE_AUTORELEASING = YES;
				CLANG_WARN_BOOL_CONVERSION = YES;
				CLANG_WARN_COMMA = YES;
				CLANG_WARN_CONSTANT_CONVERSION = YES;
				CLANG_WARN_DIRECT_OBJC_ISA_USAGE = YES_ERROR;
				CLANG_WARN_DOCUMENTATION_COMMENTS = YES;
				CLANG_WARN_EMPTY_BODY = YES;
				CLANG_WARN_ENUM_CONVERSION = YES;
				CLANG_WARN_INFINITE_RECURSION = YES;
				CLANG_WARN_INT_CONVERSION = YES;
				CLANG_WARN_NON_LITERAL_NULL_CONVERSION = YES;
				CLANG_WARN_OBJC_LITERAL_CONVERSION = YES;
				CLANG_WARN_OBJC_ROOT_CLASS = YES_ERROR;
				CLANG_WARN_RANGE_LOOP_ANALYSIS = YES;
				CLANG_WARN_STRICT_PROTOTYPES = YES;
				CLANG_WARN_SUSPICIOUS_MOVE = YES;
				CLANG_WARN_UNREACHABLE_CODE = YES;
				CLANG_WARN__DUPLICATE_METHOD_MATCH = YES;
				CODE_SIGN_IDENTITY = "-";
				COPY_PHASE_STRIP = NO;
				DEBUG_INFORMATION_FORMAT = dwarf;
				ENABLE_STRICT_OBJC_MSGSEND = YES;
				ENABLE_TESTABILITY = YES;
				GCC_C_LANGUAGE_STANDARD = gnu99;
				GCC_DYNAMIC_NO_PIC = NO;
				GCC_NO_COMMON_BLOCKS = YES;
				GCC_OPTIMIZATION_LEVEL = 0;
				GCC_PREPROCESSOR_DEFINITIONS = (
					"DEBUG=1",
					"$(inherited)",
				);
				GCC_WARN_64_TO_32_BIT_CONVERSION = YES;
				GCC_WARN_ABOUT_RETURN_TYPE = YES_ERROR;
				GCC_WARN_UNDECLARED_SELECTOR = YES;
				GCC_WARN_UNINITIALIZED_AUTOS = YES_AGGRESSIVE;
				GCC_WARN_UNUSED_FUNCTION = YES;
				GCC_WARN_UNUSED_VARIABLE = YES;
				MACOSX_DEPLOYMENT_TARGET = 10.12;
				MTL_ENABLE_DEBUG_INFO = YES;
				ONLY_ACTIVE_ARCH = YES;
				SDKROOT = macosx;
				SWIFT_ACTIVE_COMPILATION_CONDITIONS = DEBUG;
				SWIFT_OPTIMIZATION_LEVEL = "-Onone";
			};
			name = Debug;
		};
		50290E7F1E53EB6A00133E3D /* Release */ = {
			isa = XCBuildConfiguration;
			buildSettings = {
				ALWAYS_SEARCH_USER_PATHS = NO;
				CLANG_ANALYZER_LOCALIZABILITY_NONLOCALIZED = YES;
				CLANG_ANALYZER_NONNULL = YES;
				CLANG_ANALYZER_NUMBER_OBJECT_CONVERSION = YES_AGGRESSIVE;
				CLANG_CXX_LANGUAGE_STANDARD = "gnu++0x";
				CLANG_CXX_LIBRARY = "libc++";
				CLANG_ENABLE_MODULES = YES;
				CLANG_ENABLE_OBJC_ARC = YES;
				CLANG_WARN_BLOCK_CAPTURE_AUTORELEASING = YES;
				CLANG_WARN_BOOL_CONVERSION = YES;
				CLANG_WARN_COMMA = YES;
				CLANG_WARN_CONSTANT_CONVERSION = YES;
				CLANG_WARN_DIRECT_OBJC_ISA_USAGE = YES_ERROR;
				CLANG_WARN_DOCUMENTATION_COMMENTS = YES;
				CLANG_WARN_EMPTY_BODY = YES;
				CLANG_WARN_ENUM_CONVERSION = YES;
				CLANG_WARN_INFINITE_RECURSION = YES;
				CLANG_WARN_INT_CONVERSION = YES;
				CLANG_WARN_NON_LITERAL_NULL_CONVERSION = YES;
				CLANG_WARN_OBJC_LITERAL_CONVERSION = YES;
				CLANG_WARN_OBJC_ROOT_CLASS = YES_ERROR;
				CLANG_WARN_RANGE_LOOP_ANALYSIS = YES;
				CLANG_WARN_STRICT_PROTOTYPES = YES;
				CLANG_WARN_SUSPICIOUS_MOVE = YES;
				CLANG_WARN_UNREACHABLE_CODE = YES;
				CLANG_WARN__DUPLICATE_METHOD_MATCH = YES;
				CODE_SIGN_IDENTITY = "-";
				COPY_PHASE_STRIP = NO;
				DEBUG_INFORMATION_FORMAT = "dwarf-with-dsym";
				ENABLE_NS_ASSERTIONS = NO;
				ENABLE_STRICT_OBJC_MSGSEND = YES;
				GCC_C_LANGUAGE_STANDARD = gnu99;
				GCC_NO_COMMON_BLOCKS = YES;
				GCC_WARN_64_TO_32_BIT_CONVERSION = YES;
				GCC_WARN_ABOUT_RETURN_TYPE = YES_ERROR;
				GCC_WARN_UNDECLARED_SELECTOR = YES;
				GCC_WARN_UNINITIALIZED_AUTOS = YES_AGGRESSIVE;
				GCC_WARN_UNUSED_FUNCTION = YES;
				GCC_WARN_UNUSED_VARIABLE = YES;
				MACOSX_DEPLOYMENT_TARGET = 10.12;
				MTL_ENABLE_DEBUG_INFO = NO;
				SDKROOT = macosx;
				SWIFT_OPTIMIZATION_LEVEL = "-Owholemodule";
			};
			name = Release;
		};
		50290E811E53EB6A00133E3D /* Debug */ = {
			isa = XCBuildConfiguration;
			buildSettings = {
				ASSETCATALOG_COMPILER_APPICON_NAME = AppIcon;
				CODE_SIGN_ENTITLEMENTS = Latest/Latest.entitlements;
				COMBINE_HIDPI_IMAGES = YES;
				DEVELOPMENT_TEAM = VFABJ5RE5Q;
				INFOPLIST_FILE = "$(SRCROOT)/Latest/Other/Info.plist";
				LD_RUNPATH_SEARCH_PATHS = "$(inherited) @executable_path/../Frameworks";
				PRODUCT_BUNDLE_IDENTIFIER = "com.max-langer.Latest";
				PRODUCT_NAME = "$(TARGET_NAME)";
				SWIFT_SWIFT3_OBJC_INFERENCE = On;
				SWIFT_VERSION = 4.0;
			};
			name = Debug;
		};
		50290E821E53EB6A00133E3D /* Release */ = {
			isa = XCBuildConfiguration;
			buildSettings = {
				ASSETCATALOG_COMPILER_APPICON_NAME = AppIcon;
				CODE_SIGN_ENTITLEMENTS = Latest/Latest.entitlements;
				COMBINE_HIDPI_IMAGES = YES;
				DEVELOPMENT_TEAM = VFABJ5RE5Q;
				INFOPLIST_FILE = "$(SRCROOT)/Latest/Other/Info.plist";
				LD_RUNPATH_SEARCH_PATHS = "$(inherited) @executable_path/../Frameworks";
				PRODUCT_BUNDLE_IDENTIFIER = "com.max-langer.Latest";
				PRODUCT_NAME = "$(TARGET_NAME)";
				SWIFT_SWIFT3_OBJC_INFERENCE = On;
				SWIFT_VERSION = 4.0;
			};
			name = Release;
		};
		50C81D701FBADC5900324C2E /* Debug */ = {
			isa = XCBuildConfiguration;
			buildSettings = {
				BUNDLE_LOADER = "$(TEST_HOST)";
				CLANG_CXX_LANGUAGE_STANDARD = "gnu++14";
				CLANG_WARN_UNGUARDED_AVAILABILITY = YES_AGGRESSIVE;
				CODE_SIGN_IDENTITY = "Mac Developer";
				CODE_SIGN_STYLE = Automatic;
				COMBINE_HIDPI_IMAGES = YES;
				DEVELOPMENT_TEAM = VFABJ5RE5Q;
				GCC_C_LANGUAGE_STANDARD = gnu11;
				INFOPLIST_FILE = Tests/Info.plist;
				LD_RUNPATH_SEARCH_PATHS = "$(inherited) @executable_path/../Frameworks @loader_path/../Frameworks";
				MACOSX_DEPLOYMENT_TARGET = 10.13;
				PRODUCT_BUNDLE_IDENTIFIER = "com.max-langer.Latest-Tests";
				PRODUCT_NAME = "$(TARGET_NAME)";
				SWIFT_VERSION = 4.0;
				TEST_HOST = "$(BUILT_PRODUCTS_DIR)/Latest.app/Contents/MacOS/Latest";
			};
			name = Debug;
		};
		50C81D711FBADC5900324C2E /* Release */ = {
			isa = XCBuildConfiguration;
			buildSettings = {
				BUNDLE_LOADER = "$(TEST_HOST)";
				CLANG_CXX_LANGUAGE_STANDARD = "gnu++14";
				CLANG_WARN_UNGUARDED_AVAILABILITY = YES_AGGRESSIVE;
				CODE_SIGN_IDENTITY = "Mac Developer";
				CODE_SIGN_STYLE = Automatic;
				COMBINE_HIDPI_IMAGES = YES;
				DEVELOPMENT_TEAM = VFABJ5RE5Q;
				GCC_C_LANGUAGE_STANDARD = gnu11;
				INFOPLIST_FILE = Tests/Info.plist;
				LD_RUNPATH_SEARCH_PATHS = "$(inherited) @executable_path/../Frameworks @loader_path/../Frameworks";
				MACOSX_DEPLOYMENT_TARGET = 10.13;
				PRODUCT_BUNDLE_IDENTIFIER = "com.max-langer.Latest-Tests";
				PRODUCT_NAME = "$(TARGET_NAME)";
				SWIFT_VERSION = 4.0;
				TEST_HOST = "$(BUILT_PRODUCTS_DIR)/Latest.app/Contents/MacOS/Latest";
			};
			name = Release;
		};
/* End XCBuildConfiguration section */

/* Begin XCConfigurationList section */
		50290E6C1E53EB6A00133E3D /* Build configuration list for PBXProject "Latest" */ = {
			isa = XCConfigurationList;
			buildConfigurations = (
				50290E7E1E53EB6A00133E3D /* Debug */,
				50290E7F1E53EB6A00133E3D /* Release */,
			);
			defaultConfigurationIsVisible = 0;
			defaultConfigurationName = Release;
		};
		50290E801E53EB6A00133E3D /* Build configuration list for PBXNativeTarget "Latest" */ = {
			isa = XCConfigurationList;
			buildConfigurations = (
				50290E811E53EB6A00133E3D /* Debug */,
				50290E821E53EB6A00133E3D /* Release */,
			);
			defaultConfigurationIsVisible = 0;
			defaultConfigurationName = Release;
		};
		50C81D721FBADC5900324C2E /* Build configuration list for PBXNativeTarget "Latest Tests" */ = {
			isa = XCConfigurationList;
			buildConfigurations = (
				50C81D701FBADC5900324C2E /* Debug */,
				50C81D711FBADC5900324C2E /* Release */,
			);
			defaultConfigurationIsVisible = 0;
			defaultConfigurationName = Release;
		};
/* End XCConfigurationList section */
	};
	rootObject = 50290E691E53EB6A00133E3D /* Project object */;
}
