// !$*UTF8*$!
{
	archiveVersion = 1;
	classes = {
	};
	objectVersion = 46;
	objects = {

/* Begin PBXBuildFile section */
		501EA9821EB1BA4400D05821 /* Localizable.strings in Resources */ = {isa = PBXBuildFile; fileRef = 501EA9841EB1BA4400D05821 /* Localizable.strings */; };
		501EA9871EB1BA4500D05821 /* InfoPlist.strings in Resources */ = {isa = PBXBuildFile; fileRef = 501EA9891EB1BA4500D05821 /* InfoPlist.strings */; };
		501EA98A1EB1BD8B00D05821 /* Localizable.stringsdict in Resources */ = {isa = PBXBuildFile; fileRef = 501EA98C1EB1BD8B00D05821 /* Localizable.stringsdict */; };
		50290E751E53EB6A00133E3D /* AppDelegate.swift in Sources */ = {isa = PBXBuildFile; fileRef = 50290E741E53EB6A00133E3D /* AppDelegate.swift */; };
		50290E771E53EB6A00133E3D /* MLMUpdateListViewController.swift in Sources */ = {isa = PBXBuildFile; fileRef = 50290E761E53EB6A00133E3D /* MLMUpdateListViewController.swift */; };
		50290E791E53EB6A00133E3D /* Assets.xcassets in Resources */ = {isa = PBXBuildFile; fileRef = 50290E781E53EB6A00133E3D /* Assets.xcassets */; };
		50290E7C1E53EB6A00133E3D /* Main.storyboard in Resources */ = {isa = PBXBuildFile; fileRef = 50290E7A1E53EB6A00133E3D /* Main.storyboard */; };
		503616081E54E240007EE893 /* MLMAppUpdate.swift in Sources */ = {isa = PBXBuildFile; fileRef = 503616071E54E240007EE893 /* MLMAppUpdate.swift */; };
		504BA5911E643A2300B15275 /* MLMMainWindowController.swift in Sources */ = {isa = PBXBuildFile; fileRef = 504BA5901E643A2300B15275 /* MLMMainWindowController.swift */; };
		5058437D1E63811B00D21E86 /* MLMUpdateDetailsViewController.swift in Sources */ = {isa = PBXBuildFile; fileRef = 5058437C1E63811B00D21E86 /* MLMUpdateDetailsViewController.swift */; };
		505843811E6382D200D21E86 /* MLMUpdateCell.swift in Sources */ = {isa = PBXBuildFile; fileRef = 505843801E6382D200D21E86 /* MLMUpdateCell.swift */; };
		5081C98A1E977C5F0014DE48 /* MLMUpdateChecker.swift in Sources */ = {isa = PBXBuildFile; fileRef = 5081C9891E977C5F0014DE48 /* MLMUpdateChecker.swift */; };
		5081C98D1E9780EF0014DE48 /* MLMMacAppStoreExtension.swift in Sources */ = {isa = PBXBuildFile; fileRef = 5081C98C1E9780EF0014DE48 /* MLMMacAppStoreExtension.swift */; };
		5081C98F1E9781190014DE48 /* MLMSparkleExtension.swift in Sources */ = {isa = PBXBuildFile; fileRef = 5081C98E1E9781190014DE48 /* MLMSparkleExtension.swift */; };
		5081C9921E97877B0014DE48 /* MLMSparkleAppUpdate.swift in Sources */ = {isa = PBXBuildFile; fileRef = 5081C9911E97877B0014DE48 /* MLMSparkleAppUpdate.swift */; };
		5081C9941E97B9F70014DE48 /* MLMMacAppStoreAppUpdate.swift in Sources */ = {isa = PBXBuildFile; fileRef = 5081C9931E97B9F70014DE48 /* MLMMacAppStoreAppUpdate.swift */; };
/* End PBXBuildFile section */

/* Begin PBXFileReference section */
		501EA97F1EB1BA4400D05821 /* de */ = {isa = PBXFileReference; lastKnownFileType = text.plist.strings; name = de; path = de.lproj/Main.strings; sourceTree = "<group>"; };
		501EA9831EB1BA4400D05821 /* de */ = {isa = PBXFileReference; lastKnownFileType = text.plist.strings; name = de; path = de.lproj/Localizable.strings; sourceTree = "<group>"; };
		501EA9881EB1BA4500D05821 /* de */ = {isa = PBXFileReference; lastKnownFileType = text.plist.strings; name = de; path = de.lproj/InfoPlist.strings; sourceTree = "<group>"; };
		501EA98B1EB1BD8B00D05821 /* de */ = {isa = PBXFileReference; lastKnownFileType = text.plist.stringsdict; name = de; path = de.lproj/Localizable.stringsdict; sourceTree = "<group>"; };
		501EA98D1EB1BD9400D05821 /* en */ = {isa = PBXFileReference; lastKnownFileType = text.plist.stringsdict; name = en; path = en.lproj/Localizable.stringsdict; sourceTree = "<group>"; };
		50290E711E53EB6A00133E3D /* Latest.app */ = {isa = PBXFileReference; explicitFileType = wrapper.application; includeInIndex = 0; path = Latest.app; sourceTree = BUILT_PRODUCTS_DIR; };
		50290E741E53EB6A00133E3D /* AppDelegate.swift */ = {isa = PBXFileReference; lastKnownFileType = sourcecode.swift; path = AppDelegate.swift; sourceTree = "<group>"; };
		50290E761E53EB6A00133E3D /* MLMUpdateListViewController.swift */ = {isa = PBXFileReference; lastKnownFileType = sourcecode.swift; path = MLMUpdateListViewController.swift; sourceTree = "<group>"; };
		50290E781E53EB6A00133E3D /* Assets.xcassets */ = {isa = PBXFileReference; lastKnownFileType = folder.assetcatalog; path = Assets.xcassets; sourceTree = "<group>"; };
		50290E7B1E53EB6A00133E3D /* Base */ = {isa = PBXFileReference; lastKnownFileType = file.storyboard; name = Base; path = Base.lproj/Main.storyboard; sourceTree = "<group>"; };
		50290E7D1E53EB6A00133E3D /* Info.plist */ = {isa = PBXFileReference; lastKnownFileType = text.plist.xml; path = Info.plist; sourceTree = "<group>"; };
		50290E831E53EB7900133E3D /* Latest.entitlements */ = {isa = PBXFileReference; lastKnownFileType = text.plist.entitlements; path = Latest.entitlements; sourceTree = "<group>"; };
		503616071E54E240007EE893 /* MLMAppUpdate.swift */ = {isa = PBXFileReference; fileEncoding = 4; lastKnownFileType = sourcecode.swift; path = MLMAppUpdate.swift; sourceTree = "<group>"; };
		504BA5901E643A2300B15275 /* MLMMainWindowController.swift */ = {isa = PBXFileReference; fileEncoding = 4; lastKnownFileType = sourcecode.swift; path = MLMMainWindowController.swift; sourceTree = "<group>"; };
		5058437C1E63811B00D21E86 /* MLMUpdateDetailsViewController.swift */ = {isa = PBXFileReference; fileEncoding = 4; lastKnownFileType = sourcecode.swift; path = MLMUpdateDetailsViewController.swift; sourceTree = "<group>"; };
		505843801E6382D200D21E86 /* MLMUpdateCell.swift */ = {isa = PBXFileReference; fileEncoding = 4; lastKnownFileType = sourcecode.swift; path = MLMUpdateCell.swift; sourceTree = "<group>"; };
		5081C9891E977C5F0014DE48 /* MLMUpdateChecker.swift */ = {isa = PBXFileReference; fileEncoding = 4; lastKnownFileType = sourcecode.swift; path = MLMUpdateChecker.swift; sourceTree = "<group>"; };
		5081C98C1E9780EF0014DE48 /* MLMMacAppStoreExtension.swift */ = {isa = PBXFileReference; fileEncoding = 4; lastKnownFileType = sourcecode.swift; path = MLMMacAppStoreExtension.swift; sourceTree = "<group>"; };
		5081C98E1E9781190014DE48 /* MLMSparkleExtension.swift */ = {isa = PBXFileReference; fileEncoding = 4; lastKnownFileType = sourcecode.swift; path = MLMSparkleExtension.swift; sourceTree = "<group>"; };
		5081C9911E97877B0014DE48 /* MLMSparkleAppUpdate.swift */ = {isa = PBXFileReference; fileEncoding = 4; lastKnownFileType = sourcecode.swift; path = MLMSparkleAppUpdate.swift; sourceTree = "<group>"; };
		5081C9931E97B9F70014DE48 /* MLMMacAppStoreAppUpdate.swift */ = {isa = PBXFileReference; fileEncoding = 4; lastKnownFileType = sourcecode.swift; path = MLMMacAppStoreAppUpdate.swift; sourceTree = "<group>"; };
/* End PBXFileReference section */

/* Begin PBXFrameworksBuildPhase section */
		50290E6E1E53EB6A00133E3D /* Frameworks */ = {
			isa = PBXFrameworksBuildPhase;
			buildActionMask = 2147483647;
			files = (
			);
			runOnlyForDeploymentPostprocessing = 0;
		};
/* End PBXFrameworksBuildPhase section */

/* Begin PBXGroup section */
		50290E681E53EB6A00133E3D = {
			isa = PBXGroup;
			children = (
				50290E731E53EB6A00133E3D /* Latest */,
				50290E721E53EB6A00133E3D /* Products */,
			);
			sourceTree = "<group>";
		};
		50290E721E53EB6A00133E3D /* Products */ = {
			isa = PBXGroup;
			children = (
				50290E711E53EB6A00133E3D /* Latest.app */,
			);
			name = Products;
			sourceTree = "<group>";
		};
		50290E731E53EB6A00133E3D /* Latest */ = {
			isa = PBXGroup;
			children = (
				50290E831E53EB7900133E3D /* Latest.entitlements */,
				50290E741E53EB6A00133E3D /* AppDelegate.swift */,
				5058437A1E63808C00D21E86 /* Visuals */,
				5058437B1E63809600D21E86 /* Model */,
				50290E781E53EB6A00133E3D /* Assets.xcassets */,
				50290E7A1E53EB6A00133E3D /* Main.storyboard */,
				509E95211E95ABED00CB4FCE /* Other */,
			);
			path = Latest;
			sourceTree = "<group>";
		};
		504BA58F1E643A0700B15275 /* Window Controllers */ = {
			isa = PBXGroup;
			children = (
				504BA5901E643A2300B15275 /* MLMMainWindowController.swift */,
			);
			name = "Window Controllers";
			sourceTree = "<group>";
		};
		5058437A1E63808C00D21E86 /* Visuals */ = {
			isa = PBXGroup;
			children = (
				5058437F1E6382C000D21E86 /* Views */,
				5058437E1E6382B900D21E86 /* View Controllers */,
				504BA58F1E643A0700B15275 /* Window Controllers */,
			);
			name = Visuals;
			sourceTree = "<group>";
		};
		5058437B1E63809600D21E86 /* Model */ = {
			isa = PBXGroup;
			children = (
				5081C9901E9787630014DE48 /* App Updates */,
				5081C98B1E9780D70014DE48 /* Update Checker Extensions */,
			);
			name = Model;
			sourceTree = "<group>";
		};
		5058437E1E6382B900D21E86 /* View Controllers */ = {
			isa = PBXGroup;
			children = (
				50290E761E53EB6A00133E3D /* MLMUpdateListViewController.swift */,
				5058437C1E63811B00D21E86 /* MLMUpdateDetailsViewController.swift */,
			);
			name = "View Controllers";
			sourceTree = "<group>";
		};
		5058437F1E6382C000D21E86 /* Views */ = {
			isa = PBXGroup;
			children = (
				505843801E6382D200D21E86 /* MLMUpdateCell.swift */,
			);
			name = Views;
			sourceTree = "<group>";
		};
		5081C98B1E9780D70014DE48 /* Update Checker Extensions */ = {
			isa = PBXGroup;
			children = (
				5081C9891E977C5F0014DE48 /* MLMUpdateChecker.swift */,
				5081C98C1E9780EF0014DE48 /* MLMMacAppStoreExtension.swift */,
				5081C98E1E9781190014DE48 /* MLMSparkleExtension.swift */,
			);
			name = "Update Checker Extensions";
			sourceTree = "<group>";
		};
		5081C9901E9787630014DE48 /* App Updates */ = {
			isa = PBXGroup;
			children = (
				503616071E54E240007EE893 /* MLMAppUpdate.swift */,
				5081C9931E97B9F70014DE48 /* MLMMacAppStoreAppUpdate.swift */,
				5081C9911E97877B0014DE48 /* MLMSparkleAppUpdate.swift */,
			);
			name = "App Updates";
			sourceTree = "<group>";
		};
		509E95211E95ABED00CB4FCE /* Other */ = {
			isa = PBXGroup;
			children = (
				501EA9891EB1BA4500D05821 /* InfoPlist.strings */,
				501EA9841EB1BA4400D05821 /* Localizable.strings */,
				50290E7D1E53EB6A00133E3D /* Info.plist */,
				501EA98C1EB1BD8B00D05821 /* Localizable.stringsdict */,
			);
			name = Other;
			sourceTree = "<group>";
		};
/* End PBXGroup section */

/* Begin PBXNativeTarget section */
		50290E701E53EB6A00133E3D /* Latest */ = {
			isa = PBXNativeTarget;
			buildConfigurationList = 50290E801E53EB6A00133E3D /* Build configuration list for PBXNativeTarget "Latest" */;
			buildPhases = (
				50290E6D1E53EB6A00133E3D /* Sources */,
				50290E6E1E53EB6A00133E3D /* Frameworks */,
				50290E6F1E53EB6A00133E3D /* Resources */,
			);
			buildRules = (
			);
			dependencies = (
			);
			name = Latest;
			productName = Latest;
			productReference = 50290E711E53EB6A00133E3D /* Latest.app */;
			productType = "com.apple.product-type.application";
		};
/* End PBXNativeTarget section */

/* Begin PBXProject section */
		50290E691E53EB6A00133E3D /* Project object */ = {
			isa = PBXProject;
			attributes = {
				CLASSPREFIX = MLM;
				LastSwiftUpdateCheck = 0830;
				LastUpgradeCheck = 0830;
				ORGANIZATIONNAME = "Max Langer";
				TargetAttributes = {
					50290E701E53EB6A00133E3D = {
						CreatedOnToolsVersion = 8.3;
						DevelopmentTeam = VFABJ5RE5Q;
						ProvisioningStyle = Automatic;
						SystemCapabilities = {
							com.apple.Sandbox = {
								enabled = 0;
							};
						};
					};
				};
			};
			buildConfigurationList = 50290E6C1E53EB6A00133E3D /* Build configuration list for PBXProject "Latest" */;
			compatibilityVersion = "Xcode 3.2";
			developmentRegion = English;
			hasScannedForEncodings = 0;
			knownRegions = (
				en,
				Base,
			);
			mainGroup = 50290E681E53EB6A00133E3D;
			productRefGroup = 50290E721E53EB6A00133E3D /* Products */;
			projectDirPath = "";
			projectRoot = "";
			targets = (
				50290E701E53EB6A00133E3D /* Latest */,
			);
		};
/* End PBXProject section */

/* Begin PBXResourcesBuildPhase section */
		50290E6F1E53EB6A00133E3D /* Resources */ = {
			isa = PBXResourcesBuildPhase;
			buildActionMask = 2147483647;
			files = (
				50290E791E53EB6A00133E3D /* Assets.xcassets in Resources */,
				501EA9821EB1BA4400D05821 /* Localizable.strings in Resources */,
				50290E7C1E53EB6A00133E3D /* Main.storyboard in Resources */,
				501EA98A1EB1BD8B00D05821 /* Localizable.stringsdict in Resources */,
				501EA9871EB1BA4500D05821 /* InfoPlist.strings in Resources */,
			);
			runOnlyForDeploymentPostprocessing = 0;
		};
/* End PBXResourcesBuildPhase section */

/* Begin PBXSourcesBuildPhase section */
		50290E6D1E53EB6A00133E3D /* Sources */ = {
			isa = PBXSourcesBuildPhase;
			buildActionMask = 2147483647;
			files = (
				5081C9921E97877B0014DE48 /* MLMSparkleAppUpdate.swift in Sources */,
				503616081E54E240007EE893 /* MLMAppUpdate.swift in Sources */,
				504BA5911E643A2300B15275 /* MLMMainWindowController.swift in Sources */,
				5081C98D1E9780EF0014DE48 /* MLMMacAppStoreExtension.swift in Sources */,
				5058437D1E63811B00D21E86 /* MLMUpdateDetailsViewController.swift in Sources */,
				505843811E6382D200D21E86 /* MLMUpdateCell.swift in Sources */,
				5081C9941E97B9F70014DE48 /* MLMMacAppStoreAppUpdate.swift in Sources */,
				5081C98A1E977C5F0014DE48 /* MLMUpdateChecker.swift in Sources */,
				50290E771E53EB6A00133E3D /* MLMUpdateListViewController.swift in Sources */,
				50290E751E53EB6A00133E3D /* AppDelegate.swift in Sources */,
				5081C98F1E9781190014DE48 /* MLMSparkleExtension.swift in Sources */,
			);
			runOnlyForDeploymentPostprocessing = 0;
		};
/* End PBXSourcesBuildPhase section */

/* Begin PBXVariantGroup section */
		501EA9841EB1BA4400D05821 /* Localizable.strings */ = {
			isa = PBXVariantGroup;
			children = (
				501EA9831EB1BA4400D05821 /* de */,
			);
			name = Localizable.strings;
			sourceTree = "<group>";
		};
		501EA9891EB1BA4500D05821 /* InfoPlist.strings */ = {
			isa = PBXVariantGroup;
			children = (
				501EA9881EB1BA4500D05821 /* de */,
			);
			name = InfoPlist.strings;
			sourceTree = "<group>";
		};
		501EA98C1EB1BD8B00D05821 /* Localizable.stringsdict */ = {
			isa = PBXVariantGroup;
			children = (
				501EA98B1EB1BD8B00D05821 /* de */,
				501EA98D1EB1BD9400D05821 /* en */,
			);
			name = Localizable.stringsdict;
			sourceTree = "<group>";
		};
		50290E7A1E53EB6A00133E3D /* Main.storyboard */ = {
			isa = PBXVariantGroup;
			children = (
				50290E7B1E53EB6A00133E3D /* Base */,
				501EA97F1EB1BA4400D05821 /* de */,
			);
			name = Main.storyboard;
			sourceTree = "<group>";
		};
/* End PBXVariantGroup section */

/* Begin XCBuildConfiguration section */
		50290E7E1E53EB6A00133E3D /* Debug */ = {
			isa = XCBuildConfiguration;
			buildSettings = {
				ALWAYS_SEARCH_USER_PATHS = NO;
				CLANG_ANALYZER_NONNULL = YES;
				CLANG_ANALYZER_NUMBER_OBJECT_CONVERSION = YES_AGGRESSIVE;
				CLANG_CXX_LANGUAGE_STANDARD = "gnu++0x";
				CLANG_CXX_LIBRARY = "libc++";
				CLANG_ENABLE_MODULES = YES;
				CLANG_ENABLE_OBJC_ARC = YES;
				CLANG_WARN_BOOL_CONVERSION = YES;
				CLANG_WARN_CONSTANT_CONVERSION = YES;
				CLANG_WARN_DIRECT_OBJC_ISA_USAGE = YES_ERROR;
				CLANG_WARN_DOCUMENTATION_COMMENTS = YES;
				CLANG_WARN_EMPTY_BODY = YES;
				CLANG_WARN_ENUM_CONVERSION = YES;
				CLANG_WARN_INFINITE_RECURSION = YES;
				CLANG_WARN_INT_CONVERSION = YES;
				CLANG_WARN_OBJC_ROOT_CLASS = YES_ERROR;
				CLANG_WARN_SUSPICIOUS_MOVE = YES;
				CLANG_WARN_UNREACHABLE_CODE = YES;
				CLANG_WARN__DUPLICATE_METHOD_MATCH = YES;
				CODE_SIGN_IDENTITY = "-";
				COPY_PHASE_STRIP = NO;
				DEBUG_INFORMATION_FORMAT = dwarf;
				ENABLE_STRICT_OBJC_MSGSEND = YES;
				ENABLE_TESTABILITY = YES;
				GCC_C_LANGUAGE_STANDARD = gnu99;
				GCC_DYNAMIC_NO_PIC = NO;
				GCC_NO_COMMON_BLOCKS = YES;
				GCC_OPTIMIZATION_LEVEL = 0;
				GCC_PREPROCESSOR_DEFINITIONS = (
					"DEBUG=1",
					"$(inherited)",
				);
				GCC_WARN_64_TO_32_BIT_CONVERSION = YES;
				GCC_WARN_ABOUT_RETURN_TYPE = YES_ERROR;
				GCC_WARN_UNDECLARED_SELECTOR = YES;
				GCC_WARN_UNINITIALIZED_AUTOS = YES_AGGRESSIVE;
				GCC_WARN_UNUSED_FUNCTION = YES;
				GCC_WARN_UNUSED_VARIABLE = YES;
				MACOSX_DEPLOYMENT_TARGET = 10.12;
				MTL_ENABLE_DEBUG_INFO = YES;
				ONLY_ACTIVE_ARCH = YES;
				SDKROOT = macosx;
				SWIFT_ACTIVE_COMPILATION_CONDITIONS = DEBUG;
				SWIFT_OPTIMIZATION_LEVEL = "-Onone";
			};
			name = Debug;
		};
		50290E7F1E53EB6A00133E3D /* Release */ = {
			isa = XCBuildConfiguration;
			buildSettings = {
				ALWAYS_SEARCH_USER_PATHS = NO;
				CLANG_ANALYZER_NONNULL = YES;
				CLANG_ANALYZER_NUMBER_OBJECT_CONVERSION = YES_AGGRESSIVE;
				CLANG_CXX_LANGUAGE_STANDARD = "gnu++0x";
				CLANG_CXX_LIBRARY = "libc++";
				CLANG_ENABLE_MODULES = YES;
				CLANG_ENABLE_OBJC_ARC = YES;
				CLANG_WARN_BOOL_CONVERSION = YES;
				CLANG_WARN_CONSTANT_CONVERSION = YES;
				CLANG_WARN_DIRECT_OBJC_ISA_USAGE = YES_ERROR;
				CLANG_WARN_DOCUMENTATION_COMMENTS = YES;
				CLANG_WARN_EMPTY_BODY = YES;
				CLANG_WARN_ENUM_CONVERSION = YES;
				CLANG_WARN_INFINITE_RECURSION = YES;
				CLANG_WARN_INT_CONVERSION = YES;
				CLANG_WARN_OBJC_ROOT_CLASS = YES_ERROR;
				CLANG_WARN_SUSPICIOUS_MOVE = YES;
				CLANG_WARN_UNREACHABLE_CODE = YES;
				CLANG_WARN__DUPLICATE_METHOD_MATCH = YES;
				CODE_SIGN_IDENTITY = "-";
				COPY_PHASE_STRIP = NO;
				DEBUG_INFORMATION_FORMAT = "dwarf-with-dsym";
				ENABLE_NS_ASSERTIONS = NO;
				ENABLE_STRICT_OBJC_MSGSEND = YES;
				GCC_C_LANGUAGE_STANDARD = gnu99;
				GCC_NO_COMMON_BLOCKS = YES;
				GCC_WARN_64_TO_32_BIT_CONVERSION = YES;
				GCC_WARN_ABOUT_RETURN_TYPE = YES_ERROR;
				GCC_WARN_UNDECLARED_SELECTOR = YES;
				GCC_WARN_UNINITIALIZED_AUTOS = YES_AGGRESSIVE;
				GCC_WARN_UNUSED_FUNCTION = YES;
				GCC_WARN_UNUSED_VARIABLE = YES;
				MACOSX_DEPLOYMENT_TARGET = 10.12;
				MTL_ENABLE_DEBUG_INFO = NO;
				SDKROOT = macosx;
				SWIFT_OPTIMIZATION_LEVEL = "-Owholemodule";
			};
			name = Release;
		};
		50290E811E53EB6A00133E3D /* Debug */ = {
			isa = XCBuildConfiguration;
			buildSettings = {
				ASSETCATALOG_COMPILER_APPICON_NAME = AppIcon;
				CODE_SIGN_ENTITLEMENTS = Latest/Latest.entitlements;
				COMBINE_HIDPI_IMAGES = YES;
				DEVELOPMENT_TEAM = VFABJ5RE5Q;
				INFOPLIST_FILE = Latest/Info.plist;
				LD_RUNPATH_SEARCH_PATHS = "$(inherited) @executable_path/../Frameworks";
				PRODUCT_BUNDLE_IDENTIFIER = "com.max-langer.Latest";
				PRODUCT_NAME = "$(TARGET_NAME)";
				SWIFT_VERSION = 3.0;
			};
			name = Debug;
		};
		50290E821E53EB6A00133E3D /* Release */ = {
			isa = XCBuildConfiguration;
			buildSettings = {
				ASSETCATALOG_COMPILER_APPICON_NAME = AppIcon;
				CODE_SIGN_ENTITLEMENTS = Latest/Latest.entitlements;
				COMBINE_HIDPI_IMAGES = YES;
				DEVELOPMENT_TEAM = VFABJ5RE5Q;
				INFOPLIST_FILE = Latest/Info.plist;
				LD_RUNPATH_SEARCH_PATHS = "$(inherited) @executable_path/../Frameworks";
				PRODUCT_BUNDLE_IDENTIFIER = "com.max-langer.Latest";
				PRODUCT_NAME = "$(TARGET_NAME)";
				SWIFT_VERSION = 3.0;
			};
			name = Release;
		};
/* End XCBuildConfiguration section */

/* Begin XCConfigurationList section */
		50290E6C1E53EB6A00133E3D /* Build configuration list for PBXProject "Latest" */ = {
			isa = XCConfigurationList;
			buildConfigurations = (
				50290E7E1E53EB6A00133E3D /* Debug */,
				50290E7F1E53EB6A00133E3D /* Release */,
			);
			defaultConfigurationIsVisible = 0;
			defaultConfigurationName = Release;
		};
		50290E801E53EB6A00133E3D /* Build configuration list for PBXNativeTarget "Latest" */ = {
			isa = XCConfigurationList;
			buildConfigurations = (
				50290E811E53EB6A00133E3D /* Debug */,
				50290E821E53EB6A00133E3D /* Release */,
			);
			defaultConfigurationIsVisible = 0;
			defaultConfigurationName = Release;
		};
/* End XCConfigurationList section */
	};
	rootObject = 50290E691E53EB6A00133E3D /* Project object */;
}
